// !$*UTF8*$!
{
	archiveVersion = 1;
	classes = {
	};
	objectVersion = 55;
	objects = {

/* Begin PBXBuildFile section */
		5AE23FF1281414C300078C28 /* AppDelegate.swift in Sources */ = {isa = PBXBuildFile; fileRef = 5AE23FF0281414C300078C28 /* AppDelegate.swift */; };
		5AE23FFA281414C600078C28 /* Assets.xcassets in Resources */ = {isa = PBXBuildFile; fileRef = 5AE23FF9281414C600078C28 /* Assets.xcassets */; };
		5AE23FFD281414C600078C28 /* LaunchScreen.storyboard in Resources */ = {isa = PBXBuildFile; fileRef = 5AE23FFB281414C600078C28 /* LaunchScreen.storyboard */; };
		5AE24012281414C600078C28 /* MarvelWorldWideUITests.swift in Sources */ = {isa = PBXBuildFile; fileRef = 5AE24011281414C600078C28 /* MarvelWorldWideUITests.swift */; };
		5AE24014281414C600078C28 /* MarvelWorldWideUITestsLaunchTests.swift in Sources */ = {isa = PBXBuildFile; fileRef = 5AE24013281414C600078C28 /* MarvelWorldWideUITestsLaunchTests.swift */; };
		5AE24036281428B400078C28 /* Localizable.strings in Resources */ = {isa = PBXBuildFile; fileRef = 5AE24038281428B400078C28 /* Localizable.strings */; };
		5AE2404828142ED400078C28 /* MWSplashCoordinatorProtocol.swift in Sources */ = {isa = PBXBuildFile; fileRef = 5AE2404628142ED400078C28 /* MWSplashCoordinatorProtocol.swift */; };
		5AE2404928142ED400078C28 /* MWSplashCoordinator.swift in Sources */ = {isa = PBXBuildFile; fileRef = 5AE2404728142ED400078C28 /* MWSplashCoordinator.swift */; };
		5AE2404C28142F1600078C28 /* MWSplashViewController.xib in Resources */ = {isa = PBXBuildFile; fileRef = 5AE2404A28142F1600078C28 /* MWSplashViewController.xib */; };
		5AE2404D28142F1600078C28 /* MWSplashViewController.swift in Sources */ = {isa = PBXBuildFile; fileRef = 5AE2404B28142F1600078C28 /* MWSplashViewController.swift */; };
		5AE2405028142F5A00078C28 /* MWSplashViewModelProtocol.swift in Sources */ = {isa = PBXBuildFile; fileRef = 5AE2404E28142F5A00078C28 /* MWSplashViewModelProtocol.swift */; };
		5AE2405128142F5A00078C28 /* MWSplashViewModel.swift in Sources */ = {isa = PBXBuildFile; fileRef = 5AE2404F28142F5A00078C28 /* MWSplashViewModel.swift */; };
		5AE2405728142FF000078C28 /* Lottie in Frameworks */ = {isa = PBXBuildFile; productRef = 5AE2405628142FF000078C28 /* Lottie */; };
		5AE2405A2814300B00078C28 /* Kingfisher in Frameworks */ = {isa = PBXBuildFile; productRef = 5AE240592814300B00078C28 /* Kingfisher */; };
		5AE2405D2814302500078C28 /* CryptoSwift in Frameworks */ = {isa = PBXBuildFile; productRef = 5AE2405C2814302500078C28 /* CryptoSwift */; };
		5AE24060281430C100078C28 /* MWCoordinatorProtocol.swift in Sources */ = {isa = PBXBuildFile; fileRef = 5AE2405F281430C100078C28 /* MWCoordinatorProtocol.swift */; };
		5AE240632814311500078C28 /* BaseViewController.swift in Sources */ = {isa = PBXBuildFile; fileRef = 5AE240622814311500078C28 /* BaseViewController.swift */; };
		5AE240652814312B00078C28 /* BaseViewControllerProtocol.swift in Sources */ = {isa = PBXBuildFile; fileRef = 5AE240642814312B00078C28 /* BaseViewControllerProtocol.swift */; };
		5AE240682814316300078C28 /* ViewExtension.swift in Sources */ = {isa = PBXBuildFile; fileRef = 5AE240672814316200078C28 /* ViewExtension.swift */; };
		5AE2406B2814319B00078C28 /* AnimationAction.swift in Sources */ = {isa = PBXBuildFile; fileRef = 5AE2406A2814319B00078C28 /* AnimationAction.swift */; };
		5AE2406D281431CC00078C28 /* StringExtension.swift in Sources */ = {isa = PBXBuildFile; fileRef = 5AE2406C281431CC00078C28 /* StringExtension.swift */; };
		5AE2406F281431F000078C28 /* URLComponentExtension.swift in Sources */ = {isa = PBXBuildFile; fileRef = 5AE2406E281431F000078C28 /* URLComponentExtension.swift */; };
		5AE240722814322200078C28 /* EnvironmentProperty.swift in Sources */ = {isa = PBXBuildFile; fileRef = 5AE240712814322200078C28 /* EnvironmentProperty.swift */; };
		5AE240742814325F00078C28 /* EnvironmentPropertyProtocol.swift in Sources */ = {isa = PBXBuildFile; fileRef = 5AE240732814325F00078C28 /* EnvironmentPropertyProtocol.swift */; };
		5AE240782814389D00078C28 /* Constant.swift in Sources */ = {isa = PBXBuildFile; fileRef = 5AE240772814389D00078C28 /* Constant.swift */; };
		5AE2407C28143A2700078C28 /* MWColor.swift in Sources */ = {isa = PBXBuildFile; fileRef = 5AE2407B28143A2700078C28 /* MWColor.swift */; };
		5AE2407E28143A7A00078C28 /* UIColorExtension.swift in Sources */ = {isa = PBXBuildFile; fileRef = 5AE2407D28143A7A00078C28 /* UIColorExtension.swift */; };
		5AE2408128143AF600078C28 /* Parser.swift in Sources */ = {isa = PBXBuildFile; fileRef = 5AE2408028143AF600078C28 /* Parser.swift */; };
		5AE2408428143BF300078C28 /* MWLabel.swift in Sources */ = {isa = PBXBuildFile; fileRef = 5AE2408328143BF300078C28 /* MWLabel.swift */; };
		5AE2408728143C2700078C28 /* MWImageView.swift in Sources */ = {isa = PBXBuildFile; fileRef = 5AE2408628143C2700078C28 /* MWImageView.swift */; };
		5AE2408A28143D2100078C28 /* MWNetwork.swift in Sources */ = {isa = PBXBuildFile; fileRef = 5AE2408928143D2100078C28 /* MWNetwork.swift */; };
		5AE2408D28143D4300078C28 /* MWNetworkError.swift in Sources */ = {isa = PBXBuildFile; fileRef = 5AE2408C28143D4300078C28 /* MWNetworkError.swift */; };
		5AE2409028143D9F00078C28 /* MWRequestFactory.swift in Sources */ = {isa = PBXBuildFile; fileRef = 5AE2408F28143D9F00078C28 /* MWRequestFactory.swift */; };
		5AE2409328143DC900078C28 /* MWEndpointProtocol.swift in Sources */ = {isa = PBXBuildFile; fileRef = 5AE2409228143DC800078C28 /* MWEndpointProtocol.swift */; };
		5AE2409628143E0400078C28 /* MWURLMethod.swift in Sources */ = {isa = PBXBuildFile; fileRef = 5AE2409528143E0400078C28 /* MWURLMethod.swift */; };
		5AE2409928143E2400078C28 /* MWContentType.swift in Sources */ = {isa = PBXBuildFile; fileRef = 5AE2409828143E2400078C28 /* MWContentType.swift */; };
		5AE2409C28143E9900078C28 /* MWNetworkFacade.swift in Sources */ = {isa = PBXBuildFile; fileRef = 5AE2409B28143E9900078C28 /* MWNetworkFacade.swift */; };
		5AE2409F28143ECE00078C28 /* ResponseGenericModel.swift in Sources */ = {isa = PBXBuildFile; fileRef = 5AE2409E28143ECE00078C28 /* ResponseGenericModel.swift */; };
		5AE240A528143F9B00078C28 /* splashAnimationtest.json in Resources */ = {isa = PBXBuildFile; fileRef = 5AE240A128143F9B00078C28 /* splashAnimationtest.json */; };
		5AE240A628143F9B00078C28 /* loaderAnimation.json in Resources */ = {isa = PBXBuildFile; fileRef = 5AE240A228143F9B00078C28 /* loaderAnimation.json */; };
		5AE240A728143F9B00078C28 /* noContents.json in Resources */ = {isa = PBXBuildFile; fileRef = 5AE240A328143F9B00078C28 /* noContents.json */; };
		5AE240A828143F9B00078C28 /* animationPow.json in Resources */ = {isa = PBXBuildFile; fileRef = 5AE240A428143F9B00078C28 /* animationPow.json */; };
		5AE240AD28144D5100078C28 /* CharacterModel.swift in Sources */ = {isa = PBXBuildFile; fileRef = 5AE240AC28144D5100078C28 /* CharacterModel.swift */; };
		5AE240B028144D8D00078C28 /* MWHomeEndpoint.swift in Sources */ = {isa = PBXBuildFile; fileRef = 5AE240AF28144D8D00078C28 /* MWHomeEndpoint.swift */; };
		5AE240B228144DE100078C28 /* MWHomeDataSourceAPI.swift in Sources */ = {isa = PBXBuildFile; fileRef = 5AE240B128144DE100078C28 /* MWHomeDataSourceAPI.swift */; };
		5AE240B428144E1A00078C28 /* MWHomeDataSourceAPIProtocol.swift in Sources */ = {isa = PBXBuildFile; fileRef = 5AE240B328144E1A00078C28 /* MWHomeDataSourceAPIProtocol.swift */; };
		5AE240B828144E9B00078C28 /* MWHomeViewModel.swift in Sources */ = {isa = PBXBuildFile; fileRef = 5AE240B728144E9B00078C28 /* MWHomeViewModel.swift */; };
		5AE240BA28144EA400078C28 /* MWHomeViewModelProtocol.swift in Sources */ = {isa = PBXBuildFile; fileRef = 5AE240B928144EA400078C28 /* MWHomeViewModelProtocol.swift */; };
		5AE240BC28144EAF00078C28 /* MWHomeCoordinator.swift in Sources */ = {isa = PBXBuildFile; fileRef = 5AE240BB28144EAF00078C28 /* MWHomeCoordinator.swift */; };
		5AE240BE28144EBF00078C28 /* MWHomeCoordinatorProtocol.swift in Sources */ = {isa = PBXBuildFile; fileRef = 5AE240BD28144EBF00078C28 /* MWHomeCoordinatorProtocol.swift */; };
		5AE240C228144F3D00078C28 /* MWHomeListViewController.xib in Resources */ = {isa = PBXBuildFile; fileRef = 5AE240C128144F3D00078C28 /* MWHomeListViewController.xib */; };
		5AE240C428144F4900078C28 /* MWHomeListViewController.swift in Sources */ = {isa = PBXBuildFile; fileRef = 5AE240C328144F4900078C28 /* MWHomeListViewController.swift */; };
		5AE240C628144F6200078C28 /* MWHomeListViewControllerProtocol.swift in Sources */ = {isa = PBXBuildFile; fileRef = 5AE240C528144F6200078C28 /* MWHomeListViewControllerProtocol.swift */; };
		5AE240C828144F9A00078C28 /* MWHomeListViewController+UITableViewDelegate+DataSource.swift in Sources */ = {isa = PBXBuildFile; fileRef = 5AE240C728144F9A00078C28 /* MWHomeListViewController+UITableViewDelegate+DataSource.swift */; };
		5AE240CC28146F8E00078C28 /* MWHomeListTableViewCell.xib in Resources */ = {isa = PBXBuildFile; fileRef = 5AE240CA28146F8E00078C28 /* MWHomeListTableViewCell.xib */; };
		5AE240CD28146F8E00078C28 /* MWHomeListTableViewCell.swift in Sources */ = {isa = PBXBuildFile; fileRef = 5AE240CB28146F8E00078C28 /* MWHomeListTableViewCell.swift */; };
		5AE240CF28146FBF00078C28 /* MWHomeListCellModel.swift in Sources */ = {isa = PBXBuildFile; fileRef = 5AE240CE28146FBF00078C28 /* MWHomeListCellModel.swift */; };
		5AE240D12814716000078C28 /* MWHomeListViewController+UISearchBarDelegate.swift in Sources */ = {isa = PBXBuildFile; fileRef = 5AE240D02814716000078C28 /* MWHomeListViewController+UISearchBarDelegate.swift */; };
		5AE240DB2814727C00078C28 /* MWDetailCoordinator.swift in Sources */ = {isa = PBXBuildFile; fileRef = 5AE240D92814727C00078C28 /* MWDetailCoordinator.swift */; };
		5AE240DC2814727C00078C28 /* MWDetailCoordinatorProtocol.swift in Sources */ = {isa = PBXBuildFile; fileRef = 5AE240DA2814727C00078C28 /* MWDetailCoordinatorProtocol.swift */; };
		5AE240E12814729E00078C28 /* MWDetailDataSourceAPIProtocol.swift in Sources */ = {isa = PBXBuildFile; fileRef = 5AE240DF2814729E00078C28 /* MWDetailDataSourceAPIProtocol.swift */; };
		5AE240E22814729E00078C28 /* MWDetailDataSourceAPI.swift in Sources */ = {isa = PBXBuildFile; fileRef = 5AE240E02814729E00078C28 /* MWDetailDataSourceAPI.swift */; };
		5AE240E4281472C100078C28 /* RelatedElementModel.swift in Sources */ = {isa = PBXBuildFile; fileRef = 5AE240E3281472C100078C28 /* RelatedElementModel.swift */; };
		5AE240E7281472E500078C28 /* MWDetailViewController.swift in Sources */ = {isa = PBXBuildFile; fileRef = 5AE240E5281472E500078C28 /* MWDetailViewController.swift */; };
		5AE240E8281472E500078C28 /* MWDetailViewControllerProtocol.swift in Sources */ = {isa = PBXBuildFile; fileRef = 5AE240E6281472E500078C28 /* MWDetailViewControllerProtocol.swift */; };
		5AE240EA281472FD00078C28 /* MWDetailViewControllerModel.swift in Sources */ = {isa = PBXBuildFile; fileRef = 5AE240E9281472FD00078C28 /* MWDetailViewControllerModel.swift */; };
		5AE240ED2814732900078C28 /* MWDetailViewModelProtocol.swift in Sources */ = {isa = PBXBuildFile; fileRef = 5AE240EB2814732900078C28 /* MWDetailViewModelProtocol.swift */; };
		5AE240EE2814732900078C28 /* MWDetailViewModel.swift in Sources */ = {isa = PBXBuildFile; fileRef = 5AE240EC2814732900078C28 /* MWDetailViewModel.swift */; };
		5AE240F02814736B00078C28 /* CommonElement.swift in Sources */ = {isa = PBXBuildFile; fileRef = 5AE240EF2814736B00078C28 /* CommonElement.swift */; };
		5AE240F52814745B00078C28 /* MWDetailEndpoint.swift in Sources */ = {isa = PBXBuildFile; fileRef = 5AE240F42814745B00078C28 /* MWDetailEndpoint.swift */; };
		5AE240F72814749300078C28 /* MWDetailViewController.xib in Resources */ = {isa = PBXBuildFile; fileRef = 5AE240F62814749300078C28 /* MWDetailViewController.xib */; };
		5AE240FC281474DA00078C28 /* CommonCollectionViewElementModel.swift in Sources */ = {isa = PBXBuildFile; fileRef = 5AE240F9281474DA00078C28 /* CommonCollectionViewElementModel.swift */; };
		5AE240FD281474DA00078C28 /* CommonCollectionViewCell.swift in Sources */ = {isa = PBXBuildFile; fileRef = 5AE240FA281474DA00078C28 /* CommonCollectionViewCell.swift */; };
		5AE240FE281474DB00078C28 /* CommonCollectionViewCell.xib in Resources */ = {isa = PBXBuildFile; fileRef = 5AE240FB281474DA00078C28 /* CommonCollectionViewCell.xib */; };
		5AE241002814750A00078C28 /* MWDetailViewController+UICollectionViewDelegate+DataSource.swift in Sources */ = {isa = PBXBuildFile; fileRef = 5AE240FF2814750A00078C28 /* MWDetailViewController+UICollectionViewDelegate+DataSource.swift */; };
		5AE241022814759900078C28 /* MWHomeRepository.swift in Sources */ = {isa = PBXBuildFile; fileRef = 5AE241012814759900078C28 /* MWHomeRepository.swift */; };
		5AE24104281475A200078C28 /* MWHomeRepositoryProtocol.swift in Sources */ = {isa = PBXBuildFile; fileRef = 5AE24103281475A200078C28 /* MWHomeRepositoryProtocol.swift */; };
		5AE241072814772E00078C28 /* DatabaseManager.swift in Sources */ = {isa = PBXBuildFile; fileRef = 5AE241062814772E00078C28 /* DatabaseManager.swift */; };
		5AE241A6281493D600078C28 /* MWDetailDataSourceLocal.swift in Sources */ = {isa = PBXBuildFile; fileRef = 5AE241A5281493D600078C28 /* MWDetailDataSourceLocal.swift */; };
		5AE241A8281493E200078C28 /* MWDetailDataSourceLocalProtocol.swift in Sources */ = {isa = PBXBuildFile; fileRef = 5AE241A7281493E200078C28 /* MWDetailDataSourceLocalProtocol.swift */; };
		5AE241AA281494E500078C28 /* MWDetailRepository.swift in Sources */ = {isa = PBXBuildFile; fileRef = 5AE241A9281494E500078C28 /* MWDetailRepository.swift */; };
		5AE241AC281494F300078C28 /* MWDetailRepositoryProtocol.swift in Sources */ = {isa = PBXBuildFile; fileRef = 5AE241AB281494F300078C28 /* MWDetailRepositoryProtocol.swift */; };
		5AE241AE28149C2D00078C28 /* RelatedElementType.swift in Sources */ = {isa = PBXBuildFile; fileRef = 5AE241AD28149C2D00078C28 /* RelatedElementType.swift */; };
		5AE241B0281576A400078C28 /* DatabaseManagerProtocol.swift in Sources */ = {isa = PBXBuildFile; fileRef = 5AE241AF281576A400078C28 /* DatabaseManagerProtocol.swift */; };
		5AE241B32815A88A00078C28 /* MWNetworkFacadeTest.swift in Sources */ = {isa = PBXBuildFile; fileRef = 5AE241B22815A88A00078C28 /* MWNetworkFacadeTest.swift */; };
		5AE241B62815A8CB00078C28 /* EndpointMock.swift in Sources */ = {isa = PBXBuildFile; fileRef = 5AE241B52815A8CB00078C28 /* EndpointMock.swift */; };
		5AE241BA2815A9FB00078C28 /* URLSessionMock.swift in Sources */ = {isa = PBXBuildFile; fileRef = 5AE241B92815A9FB00078C28 /* URLSessionMock.swift */; };
		5AE241BD2815AB5000078C28 /* MockHelper.swift in Sources */ = {isa = PBXBuildFile; fileRef = 5AE241BC2815AB5000078C28 /* MockHelper.swift */; };
		5AE241C02815AC8200078C28 /* MWHomeDataSourceAPITest.swift in Sources */ = {isa = PBXBuildFile; fileRef = 5AE241BF2815AC8200078C28 /* MWHomeDataSourceAPITest.swift */; };
		5AE241CB2815ACFC00078C28 /* characterSerieResponseMock.json in Resources */ = {isa = PBXBuildFile; fileRef = 5AE241C22815ACFC00078C28 /* characterSerieResponseMock.json */; };
		5AE241CC2815ACFC00078C28 /* characterErrorResponseMock.json in Resources */ = {isa = PBXBuildFile; fileRef = 5AE241C32815ACFC00078C28 /* characterErrorResponseMock.json */; };
		5AE241CD2815ACFC00078C28 /* characterListWrongResponseMock.json in Resources */ = {isa = PBXBuildFile; fileRef = 5AE241C42815ACFC00078C28 /* characterListWrongResponseMock.json */; };
		5AE241CE2815ACFC00078C28 /* characterErrorDecodeResponseMock.json in Resources */ = {isa = PBXBuildFile; fileRef = 5AE241C52815ACFC00078C28 /* characterErrorDecodeResponseMock.json */; };
		5AE241CF2815ACFC00078C28 /* characterComicsResponseMock.json in Resources */ = {isa = PBXBuildFile; fileRef = 5AE241C62815ACFC00078C28 /* characterComicsResponseMock.json */; };
		5AE241D02815ACFC00078C28 /* characterComicResponseMock.json in Resources */ = {isa = PBXBuildFile; fileRef = 5AE241C72815ACFC00078C28 /* characterComicResponseMock.json */; };
		5AE241D12815ACFC00078C28 /* characterDetailEmptyResponseMock.json in Resources */ = {isa = PBXBuildFile; fileRef = 5AE241C82815ACFC00078C28 /* characterDetailEmptyResponseMock.json */; };
		5AE241D22815ACFC00078C28 /* characterDetailResponseMock.json in Resources */ = {isa = PBXBuildFile; fileRef = 5AE241C92815ACFC00078C28 /* characterDetailResponseMock.json */; };
		5AE241D32815ACFC00078C28 /* characterListResponseMock.json in Resources */ = {isa = PBXBuildFile; fileRef = 5AE241CA2815ACFC00078C28 /* characterListResponseMock.json */; };
		5AE241D62815ADAB00078C28 /* MWDetailDataSourceAPITest.swift in Sources */ = {isa = PBXBuildFile; fileRef = 5AE241D52815ADAB00078C28 /* MWDetailDataSourceAPITest.swift */; };
		5AE241D82815AFF200078C28 /* MWHomeViewModelTest.swift in Sources */ = {isa = PBXBuildFile; fileRef = 5AE241D72815AFF200078C28 /* MWHomeViewModelTest.swift */; };
		5AE241DA2815BDEC00078C28 /* MWDetailDataSourceLocalTest.swift in Sources */ = {isa = PBXBuildFile; fileRef = 5AE241D92815BDEC00078C28 /* MWDetailDataSourceLocalTest.swift */; };
		5AE241DC2815C6E900078C28 /* MWDetailRepositoryTest.swift in Sources */ = {isa = PBXBuildFile; fileRef = 5AE241DB2815C6E900078C28 /* MWDetailRepositoryTest.swift */; };
		5AE241DE2815D28D00078C28 /* MWHomeRepositoryTest.swift in Sources */ = {isa = PBXBuildFile; fileRef = 5AE241DD2815D28D00078C28 /* MWHomeRepositoryTest.swift */; };
/* End PBXBuildFile section */

/* Begin PBXContainerItemProxy section */
		5AE24004281414C600078C28 /* PBXContainerItemProxy */ = {
			isa = PBXContainerItemProxy;
			containerPortal = 5AE23FE5281414C300078C28 /* Project object */;
			proxyType = 1;
			remoteGlobalIDString = 5AE23FEC281414C300078C28;
			remoteInfo = MarvelWorldWide;
		};
		5AE2400E281414C600078C28 /* PBXContainerItemProxy */ = {
			isa = PBXContainerItemProxy;
			containerPortal = 5AE23FE5281414C300078C28 /* Project object */;
			proxyType = 1;
			remoteGlobalIDString = 5AE23FEC281414C300078C28;
			remoteInfo = MarvelWorldWide;
		};
/* End PBXContainerItemProxy section */

/* Begin PBXFileReference section */
		5AE23FED281414C300078C28 /* MarvelWorldWide.app */ = {isa = PBXFileReference; explicitFileType = wrapper.application; includeInIndex = 0; path = MarvelWorldWide.app; sourceTree = BUILT_PRODUCTS_DIR; };
		5AE23FF0281414C300078C28 /* AppDelegate.swift */ = {isa = PBXFileReference; lastKnownFileType = sourcecode.swift; path = AppDelegate.swift; sourceTree = "<group>"; };
		5AE23FF9281414C600078C28 /* Assets.xcassets */ = {isa = PBXFileReference; lastKnownFileType = folder.assetcatalog; path = Assets.xcassets; sourceTree = "<group>"; };
		5AE23FFC281414C600078C28 /* Base */ = {isa = PBXFileReference; lastKnownFileType = file.storyboard; name = Base; path = Base.lproj/LaunchScreen.storyboard; sourceTree = "<group>"; };
		5AE23FFE281414C600078C28 /* Info.plist */ = {isa = PBXFileReference; lastKnownFileType = text.plist.xml; path = Info.plist; sourceTree = "<group>"; };
		5AE24003281414C600078C28 /* MarvelWorldWideTests.xctest */ = {isa = PBXFileReference; explicitFileType = wrapper.cfbundle; includeInIndex = 0; path = MarvelWorldWideTests.xctest; sourceTree = BUILT_PRODUCTS_DIR; };
		5AE2400D281414C600078C28 /* MarvelWorldWideUITests.xctest */ = {isa = PBXFileReference; explicitFileType = wrapper.cfbundle; includeInIndex = 0; path = MarvelWorldWideUITests.xctest; sourceTree = BUILT_PRODUCTS_DIR; };
		5AE24011281414C600078C28 /* MarvelWorldWideUITests.swift */ = {isa = PBXFileReference; lastKnownFileType = sourcecode.swift; path = MarvelWorldWideUITests.swift; sourceTree = "<group>"; };
		5AE24013281414C600078C28 /* MarvelWorldWideUITestsLaunchTests.swift */ = {isa = PBXFileReference; lastKnownFileType = sourcecode.swift; path = MarvelWorldWideUITestsLaunchTests.swift; sourceTree = "<group>"; };
		5AE24022281415CB00078C28 /* Release.xcconfig */ = {isa = PBXFileReference; lastKnownFileType = text.xcconfig; path = Release.xcconfig; sourceTree = "<group>"; };
		5AE24023281415D800078C28 /* Development.xcconfig */ = {isa = PBXFileReference; lastKnownFileType = text.xcconfig; path = Development.xcconfig; sourceTree = "<group>"; };
		5AE24024281415E100078C28 /* Debug.xcconfig */ = {isa = PBXFileReference; lastKnownFileType = text.xcconfig; path = Debug.xcconfig; sourceTree = "<group>"; };
		5AE24026281416D100078C28 /* es */ = {isa = PBXFileReference; lastKnownFileType = text.plist.strings; name = es; path = es.lproj/LaunchScreen.strings; sourceTree = "<group>"; };
		5AE24037281428B400078C28 /* es */ = {isa = PBXFileReference; lastKnownFileType = text.plist.strings; name = es; path = es.lproj/Localizable.strings; sourceTree = "<group>"; };
		5AE24039281428B700078C28 /* en */ = {isa = PBXFileReference; lastKnownFileType = text.plist.strings; name = en; path = en.lproj/Localizable.strings; sourceTree = "<group>"; };
		5AE2404628142ED400078C28 /* MWSplashCoordinatorProtocol.swift */ = {isa = PBXFileReference; fileEncoding = 4; lastKnownFileType = sourcecode.swift; path = MWSplashCoordinatorProtocol.swift; sourceTree = "<group>"; };
		5AE2404728142ED400078C28 /* MWSplashCoordinator.swift */ = {isa = PBXFileReference; fileEncoding = 4; lastKnownFileType = sourcecode.swift; path = MWSplashCoordinator.swift; sourceTree = "<group>"; };
		5AE2404A28142F1600078C28 /* MWSplashViewController.xib */ = {isa = PBXFileReference; fileEncoding = 4; lastKnownFileType = file.xib; path = MWSplashViewController.xib; sourceTree = "<group>"; };
		5AE2404B28142F1600078C28 /* MWSplashViewController.swift */ = {isa = PBXFileReference; fileEncoding = 4; lastKnownFileType = sourcecode.swift; path = MWSplashViewController.swift; sourceTree = "<group>"; };
		5AE2404E28142F5A00078C28 /* MWSplashViewModelProtocol.swift */ = {isa = PBXFileReference; fileEncoding = 4; lastKnownFileType = sourcecode.swift; path = MWSplashViewModelProtocol.swift; sourceTree = "<group>"; };
		5AE2404F28142F5A00078C28 /* MWSplashViewModel.swift */ = {isa = PBXFileReference; fileEncoding = 4; lastKnownFileType = sourcecode.swift; path = MWSplashViewModel.swift; sourceTree = "<group>"; };
		5AE2405F281430C100078C28 /* MWCoordinatorProtocol.swift */ = {isa = PBXFileReference; lastKnownFileType = sourcecode.swift; path = MWCoordinatorProtocol.swift; sourceTree = "<group>"; };
		5AE240622814311500078C28 /* BaseViewController.swift */ = {isa = PBXFileReference; lastKnownFileType = sourcecode.swift; path = BaseViewController.swift; sourceTree = "<group>"; };
		5AE240642814312B00078C28 /* BaseViewControllerProtocol.swift */ = {isa = PBXFileReference; lastKnownFileType = sourcecode.swift; path = BaseViewControllerProtocol.swift; sourceTree = "<group>"; };
		5AE240672814316200078C28 /* ViewExtension.swift */ = {isa = PBXFileReference; lastKnownFileType = sourcecode.swift; path = ViewExtension.swift; sourceTree = "<group>"; };
		5AE2406A2814319B00078C28 /* AnimationAction.swift */ = {isa = PBXFileReference; lastKnownFileType = sourcecode.swift; path = AnimationAction.swift; sourceTree = "<group>"; };
		5AE2406C281431CC00078C28 /* StringExtension.swift */ = {isa = PBXFileReference; lastKnownFileType = sourcecode.swift; path = StringExtension.swift; sourceTree = "<group>"; };
		5AE2406E281431F000078C28 /* URLComponentExtension.swift */ = {isa = PBXFileReference; lastKnownFileType = sourcecode.swift; path = URLComponentExtension.swift; sourceTree = "<group>"; };
		5AE240712814322200078C28 /* EnvironmentProperty.swift */ = {isa = PBXFileReference; lastKnownFileType = sourcecode.swift; path = EnvironmentProperty.swift; sourceTree = "<group>"; };
		5AE240732814325F00078C28 /* EnvironmentPropertyProtocol.swift */ = {isa = PBXFileReference; lastKnownFileType = sourcecode.swift; path = EnvironmentPropertyProtocol.swift; sourceTree = "<group>"; };
		5AE240772814389D00078C28 /* Constant.swift */ = {isa = PBXFileReference; lastKnownFileType = sourcecode.swift; path = Constant.swift; sourceTree = "<group>"; };
		5AE2407B28143A2700078C28 /* MWColor.swift */ = {isa = PBXFileReference; lastKnownFileType = sourcecode.swift; path = MWColor.swift; sourceTree = "<group>"; };
		5AE2407D28143A7A00078C28 /* UIColorExtension.swift */ = {isa = PBXFileReference; lastKnownFileType = sourcecode.swift; path = UIColorExtension.swift; sourceTree = "<group>"; };
		5AE2408028143AF600078C28 /* Parser.swift */ = {isa = PBXFileReference; lastKnownFileType = sourcecode.swift; path = Parser.swift; sourceTree = "<group>"; };
		5AE2408328143BF300078C28 /* MWLabel.swift */ = {isa = PBXFileReference; lastKnownFileType = sourcecode.swift; path = MWLabel.swift; sourceTree = "<group>"; };
		5AE2408628143C2700078C28 /* MWImageView.swift */ = {isa = PBXFileReference; lastKnownFileType = sourcecode.swift; path = MWImageView.swift; sourceTree = "<group>"; };
		5AE2408928143D2100078C28 /* MWNetwork.swift */ = {isa = PBXFileReference; lastKnownFileType = sourcecode.swift; path = MWNetwork.swift; sourceTree = "<group>"; };
		5AE2408C28143D4300078C28 /* MWNetworkError.swift */ = {isa = PBXFileReference; lastKnownFileType = sourcecode.swift; path = MWNetworkError.swift; sourceTree = "<group>"; };
		5AE2408F28143D9F00078C28 /* MWRequestFactory.swift */ = {isa = PBXFileReference; lastKnownFileType = sourcecode.swift; path = MWRequestFactory.swift; sourceTree = "<group>"; };
		5AE2409228143DC800078C28 /* MWEndpointProtocol.swift */ = {isa = PBXFileReference; lastKnownFileType = sourcecode.swift; path = MWEndpointProtocol.swift; sourceTree = "<group>"; };
		5AE2409528143E0400078C28 /* MWURLMethod.swift */ = {isa = PBXFileReference; lastKnownFileType = sourcecode.swift; path = MWURLMethod.swift; sourceTree = "<group>"; };
		5AE2409828143E2400078C28 /* MWContentType.swift */ = {isa = PBXFileReference; lastKnownFileType = sourcecode.swift; path = MWContentType.swift; sourceTree = "<group>"; };
		5AE2409B28143E9900078C28 /* MWNetworkFacade.swift */ = {isa = PBXFileReference; lastKnownFileType = sourcecode.swift; path = MWNetworkFacade.swift; sourceTree = "<group>"; };
		5AE2409E28143ECE00078C28 /* ResponseGenericModel.swift */ = {isa = PBXFileReference; lastKnownFileType = sourcecode.swift; path = ResponseGenericModel.swift; sourceTree = "<group>"; };
		5AE240A128143F9B00078C28 /* splashAnimationtest.json */ = {isa = PBXFileReference; fileEncoding = 4; lastKnownFileType = text.json; path = splashAnimationtest.json; sourceTree = "<group>"; };
		5AE240A228143F9B00078C28 /* loaderAnimation.json */ = {isa = PBXFileReference; fileEncoding = 4; lastKnownFileType = text.json; path = loaderAnimation.json; sourceTree = "<group>"; };
		5AE240A328143F9B00078C28 /* noContents.json */ = {isa = PBXFileReference; fileEncoding = 4; lastKnownFileType = text.json; path = noContents.json; sourceTree = "<group>"; };
		5AE240A428143F9B00078C28 /* animationPow.json */ = {isa = PBXFileReference; fileEncoding = 4; lastKnownFileType = text.json; path = animationPow.json; sourceTree = "<group>"; };
		5AE240AC28144D5100078C28 /* CharacterModel.swift */ = {isa = PBXFileReference; lastKnownFileType = sourcecode.swift; path = CharacterModel.swift; sourceTree = "<group>"; };
		5AE240AF28144D8D00078C28 /* MWHomeEndpoint.swift */ = {isa = PBXFileReference; lastKnownFileType = sourcecode.swift; path = MWHomeEndpoint.swift; sourceTree = "<group>"; };
		5AE240B128144DE100078C28 /* MWHomeDataSourceAPI.swift */ = {isa = PBXFileReference; lastKnownFileType = sourcecode.swift; path = MWHomeDataSourceAPI.swift; sourceTree = "<group>"; };
		5AE240B328144E1A00078C28 /* MWHomeDataSourceAPIProtocol.swift */ = {isa = PBXFileReference; lastKnownFileType = sourcecode.swift; path = MWHomeDataSourceAPIProtocol.swift; sourceTree = "<group>"; };
		5AE240B728144E9B00078C28 /* MWHomeViewModel.swift */ = {isa = PBXFileReference; lastKnownFileType = sourcecode.swift; path = MWHomeViewModel.swift; sourceTree = "<group>"; };
		5AE240B928144EA400078C28 /* MWHomeViewModelProtocol.swift */ = {isa = PBXFileReference; lastKnownFileType = sourcecode.swift; path = MWHomeViewModelProtocol.swift; sourceTree = "<group>"; };
		5AE240BB28144EAF00078C28 /* MWHomeCoordinator.swift */ = {isa = PBXFileReference; lastKnownFileType = sourcecode.swift; path = MWHomeCoordinator.swift; sourceTree = "<group>"; };
		5AE240BD28144EBF00078C28 /* MWHomeCoordinatorProtocol.swift */ = {isa = PBXFileReference; lastKnownFileType = sourcecode.swift; path = MWHomeCoordinatorProtocol.swift; sourceTree = "<group>"; };
		5AE240C128144F3D00078C28 /* MWHomeListViewController.xib */ = {isa = PBXFileReference; fileEncoding = 4; lastKnownFileType = file.xib; path = MWHomeListViewController.xib; sourceTree = "<group>"; };
		5AE240C328144F4900078C28 /* MWHomeListViewController.swift */ = {isa = PBXFileReference; fileEncoding = 4; lastKnownFileType = sourcecode.swift; path = MWHomeListViewController.swift; sourceTree = "<group>"; };
		5AE240C528144F6200078C28 /* MWHomeListViewControllerProtocol.swift */ = {isa = PBXFileReference; lastKnownFileType = sourcecode.swift; path = MWHomeListViewControllerProtocol.swift; sourceTree = "<group>"; };
		5AE240C728144F9A00078C28 /* MWHomeListViewController+UITableViewDelegate+DataSource.swift */ = {isa = PBXFileReference; lastKnownFileType = sourcecode.swift; path = "MWHomeListViewController+UITableViewDelegate+DataSource.swift"; sourceTree = "<group>"; };
		5AE240CA28146F8E00078C28 /* MWHomeListTableViewCell.xib */ = {isa = PBXFileReference; fileEncoding = 4; lastKnownFileType = file.xib; path = MWHomeListTableViewCell.xib; sourceTree = "<group>"; };
		5AE240CB28146F8E00078C28 /* MWHomeListTableViewCell.swift */ = {isa = PBXFileReference; fileEncoding = 4; lastKnownFileType = sourcecode.swift; path = MWHomeListTableViewCell.swift; sourceTree = "<group>"; };
		5AE240CE28146FBF00078C28 /* MWHomeListCellModel.swift */ = {isa = PBXFileReference; lastKnownFileType = sourcecode.swift; path = MWHomeListCellModel.swift; sourceTree = "<group>"; };
		5AE240D02814716000078C28 /* MWHomeListViewController+UISearchBarDelegate.swift */ = {isa = PBXFileReference; lastKnownFileType = sourcecode.swift; path = "MWHomeListViewController+UISearchBarDelegate.swift"; sourceTree = "<group>"; };
		5AE240D92814727C00078C28 /* MWDetailCoordinator.swift */ = {isa = PBXFileReference; fileEncoding = 4; lastKnownFileType = sourcecode.swift; path = MWDetailCoordinator.swift; sourceTree = "<group>"; };
		5AE240DA2814727C00078C28 /* MWDetailCoordinatorProtocol.swift */ = {isa = PBXFileReference; fileEncoding = 4; lastKnownFileType = sourcecode.swift; path = MWDetailCoordinatorProtocol.swift; sourceTree = "<group>"; };
		5AE240DF2814729E00078C28 /* MWDetailDataSourceAPIProtocol.swift */ = {isa = PBXFileReference; fileEncoding = 4; lastKnownFileType = sourcecode.swift; path = MWDetailDataSourceAPIProtocol.swift; sourceTree = "<group>"; };
		5AE240E02814729E00078C28 /* MWDetailDataSourceAPI.swift */ = {isa = PBXFileReference; fileEncoding = 4; lastKnownFileType = sourcecode.swift; path = MWDetailDataSourceAPI.swift; sourceTree = "<group>"; };
		5AE240E3281472C100078C28 /* RelatedElementModel.swift */ = {isa = PBXFileReference; lastKnownFileType = sourcecode.swift; path = RelatedElementModel.swift; sourceTree = "<group>"; };
		5AE240E5281472E500078C28 /* MWDetailViewController.swift */ = {isa = PBXFileReference; fileEncoding = 4; lastKnownFileType = sourcecode.swift; path = MWDetailViewController.swift; sourceTree = "<group>"; };
		5AE240E6281472E500078C28 /* MWDetailViewControllerProtocol.swift */ = {isa = PBXFileReference; fileEncoding = 4; lastKnownFileType = sourcecode.swift; path = MWDetailViewControllerProtocol.swift; sourceTree = "<group>"; };
		5AE240E9281472FD00078C28 /* MWDetailViewControllerModel.swift */ = {isa = PBXFileReference; fileEncoding = 4; lastKnownFileType = sourcecode.swift; path = MWDetailViewControllerModel.swift; sourceTree = "<group>"; };
		5AE240EB2814732900078C28 /* MWDetailViewModelProtocol.swift */ = {isa = PBXFileReference; fileEncoding = 4; lastKnownFileType = sourcecode.swift; path = MWDetailViewModelProtocol.swift; sourceTree = "<group>"; };
		5AE240EC2814732900078C28 /* MWDetailViewModel.swift */ = {isa = PBXFileReference; fileEncoding = 4; lastKnownFileType = sourcecode.swift; path = MWDetailViewModel.swift; sourceTree = "<group>"; };
		5AE240EF2814736B00078C28 /* CommonElement.swift */ = {isa = PBXFileReference; lastKnownFileType = sourcecode.swift; path = CommonElement.swift; sourceTree = "<group>"; };
		5AE240F42814745B00078C28 /* MWDetailEndpoint.swift */ = {isa = PBXFileReference; fileEncoding = 4; lastKnownFileType = sourcecode.swift; path = MWDetailEndpoint.swift; sourceTree = "<group>"; };
		5AE240F62814749300078C28 /* MWDetailViewController.xib */ = {isa = PBXFileReference; fileEncoding = 4; lastKnownFileType = file.xib; path = MWDetailViewController.xib; sourceTree = "<group>"; };
		5AE240F9281474DA00078C28 /* CommonCollectionViewElementModel.swift */ = {isa = PBXFileReference; fileEncoding = 4; lastKnownFileType = sourcecode.swift; path = CommonCollectionViewElementModel.swift; sourceTree = "<group>"; };
		5AE240FA281474DA00078C28 /* CommonCollectionViewCell.swift */ = {isa = PBXFileReference; fileEncoding = 4; lastKnownFileType = sourcecode.swift; path = CommonCollectionViewCell.swift; sourceTree = "<group>"; };
		5AE240FB281474DA00078C28 /* CommonCollectionViewCell.xib */ = {isa = PBXFileReference; fileEncoding = 4; lastKnownFileType = file.xib; path = CommonCollectionViewCell.xib; sourceTree = "<group>"; };
		5AE240FF2814750A00078C28 /* MWDetailViewController+UICollectionViewDelegate+DataSource.swift */ = {isa = PBXFileReference; lastKnownFileType = sourcecode.swift; path = "MWDetailViewController+UICollectionViewDelegate+DataSource.swift"; sourceTree = "<group>"; };
		5AE241012814759900078C28 /* MWHomeRepository.swift */ = {isa = PBXFileReference; lastKnownFileType = sourcecode.swift; path = MWHomeRepository.swift; sourceTree = "<group>"; };
		5AE24103281475A200078C28 /* MWHomeRepositoryProtocol.swift */ = {isa = PBXFileReference; lastKnownFileType = sourcecode.swift; path = MWHomeRepositoryProtocol.swift; sourceTree = "<group>"; };
		5AE241062814772E00078C28 /* DatabaseManager.swift */ = {isa = PBXFileReference; lastKnownFileType = sourcecode.swift; path = DatabaseManager.swift; sourceTree = "<group>"; };
		5AE2410F28147D4200078C28 /* ObjectBox.framework */ = {isa = PBXFileReference; lastKnownFileType = wrapper.framework; name = ObjectBox.framework; path = "ObjectBox-xcframework-1.7.0/ObjectBox.xcframework/ios-arm64_x86_64-simulator/ObjectBox.framework"; sourceTree = "<group>"; };
		5AE241A5281493D600078C28 /* MWDetailDataSourceLocal.swift */ = {isa = PBXFileReference; lastKnownFileType = sourcecode.swift; path = MWDetailDataSourceLocal.swift; sourceTree = "<group>"; };
		5AE241A7281493E200078C28 /* MWDetailDataSourceLocalProtocol.swift */ = {isa = PBXFileReference; lastKnownFileType = sourcecode.swift; path = MWDetailDataSourceLocalProtocol.swift; sourceTree = "<group>"; };
		5AE241A9281494E500078C28 /* MWDetailRepository.swift */ = {isa = PBXFileReference; lastKnownFileType = sourcecode.swift; path = MWDetailRepository.swift; sourceTree = "<group>"; };
		5AE241AB281494F300078C28 /* MWDetailRepositoryProtocol.swift */ = {isa = PBXFileReference; lastKnownFileType = sourcecode.swift; path = MWDetailRepositoryProtocol.swift; sourceTree = "<group>"; };
		5AE241AD28149C2D00078C28 /* RelatedElementType.swift */ = {isa = PBXFileReference; lastKnownFileType = sourcecode.swift; path = RelatedElementType.swift; sourceTree = "<group>"; };
		5AE241AF281576A400078C28 /* DatabaseManagerProtocol.swift */ = {isa = PBXFileReference; lastKnownFileType = sourcecode.swift; path = DatabaseManagerProtocol.swift; sourceTree = "<group>"; };
		5AE241B22815A88A00078C28 /* MWNetworkFacadeTest.swift */ = {isa = PBXFileReference; lastKnownFileType = sourcecode.swift; path = MWNetworkFacadeTest.swift; sourceTree = "<group>"; };
		5AE241B52815A8CB00078C28 /* EndpointMock.swift */ = {isa = PBXFileReference; lastKnownFileType = sourcecode.swift; path = EndpointMock.swift; sourceTree = "<group>"; };
		5AE241B72815A8FF00078C28 /* MWPreTestPlan.xctestplan */ = {isa = PBXFileReference; lastKnownFileType = text; path = MWPreTestPlan.xctestplan; sourceTree = "<group>"; };
		5AE241B92815A9FB00078C28 /* URLSessionMock.swift */ = {isa = PBXFileReference; lastKnownFileType = sourcecode.swift; path = URLSessionMock.swift; sourceTree = "<group>"; };
		5AE241BC2815AB5000078C28 /* MockHelper.swift */ = {isa = PBXFileReference; lastKnownFileType = sourcecode.swift; path = MockHelper.swift; sourceTree = "<group>"; };
		5AE241BF2815AC8200078C28 /* MWHomeDataSourceAPITest.swift */ = {isa = PBXFileReference; lastKnownFileType = sourcecode.swift; path = MWHomeDataSourceAPITest.swift; sourceTree = "<group>"; };
		5AE241C22815ACFC00078C28 /* characterSerieResponseMock.json */ = {isa = PBXFileReference; fileEncoding = 4; lastKnownFileType = text.json; path = characterSerieResponseMock.json; sourceTree = "<group>"; };
		5AE241C32815ACFC00078C28 /* characterErrorResponseMock.json */ = {isa = PBXFileReference; fileEncoding = 4; lastKnownFileType = text.json; path = characterErrorResponseMock.json; sourceTree = "<group>"; };
		5AE241C42815ACFC00078C28 /* characterListWrongResponseMock.json */ = {isa = PBXFileReference; fileEncoding = 4; lastKnownFileType = text.json; path = characterListWrongResponseMock.json; sourceTree = "<group>"; };
		5AE241C52815ACFC00078C28 /* characterErrorDecodeResponseMock.json */ = {isa = PBXFileReference; fileEncoding = 4; lastKnownFileType = text.json; path = characterErrorDecodeResponseMock.json; sourceTree = "<group>"; };
		5AE241C62815ACFC00078C28 /* characterComicsResponseMock.json */ = {isa = PBXFileReference; fileEncoding = 4; lastKnownFileType = text.json; path = characterComicsResponseMock.json; sourceTree = "<group>"; };
		5AE241C72815ACFC00078C28 /* characterComicResponseMock.json */ = {isa = PBXFileReference; fileEncoding = 4; lastKnownFileType = text.json; path = characterComicResponseMock.json; sourceTree = "<group>"; };
		5AE241C82815ACFC00078C28 /* characterDetailEmptyResponseMock.json */ = {isa = PBXFileReference; fileEncoding = 4; lastKnownFileType = text.json; path = characterDetailEmptyResponseMock.json; sourceTree = "<group>"; };
		5AE241C92815ACFC00078C28 /* characterDetailResponseMock.json */ = {isa = PBXFileReference; fileEncoding = 4; lastKnownFileType = text.json; path = characterDetailResponseMock.json; sourceTree = "<group>"; };
		5AE241CA2815ACFC00078C28 /* characterListResponseMock.json */ = {isa = PBXFileReference; fileEncoding = 4; lastKnownFileType = text.json; path = characterListResponseMock.json; sourceTree = "<group>"; };
		5AE241D52815ADAB00078C28 /* MWDetailDataSourceAPITest.swift */ = {isa = PBXFileReference; fileEncoding = 4; lastKnownFileType = sourcecode.swift; path = MWDetailDataSourceAPITest.swift; sourceTree = "<group>"; };
		5AE241D72815AFF200078C28 /* MWHomeViewModelTest.swift */ = {isa = PBXFileReference; lastKnownFileType = sourcecode.swift; path = MWHomeViewModelTest.swift; sourceTree = "<group>"; };
		5AE241D92815BDEC00078C28 /* MWDetailDataSourceLocalTest.swift */ = {isa = PBXFileReference; lastKnownFileType = sourcecode.swift; path = MWDetailDataSourceLocalTest.swift; sourceTree = "<group>"; };
		5AE241DB2815C6E900078C28 /* MWDetailRepositoryTest.swift */ = {isa = PBXFileReference; lastKnownFileType = sourcecode.swift; path = MWDetailRepositoryTest.swift; sourceTree = "<group>"; };
		5AE241DD2815D28D00078C28 /* MWHomeRepositoryTest.swift */ = {isa = PBXFileReference; lastKnownFileType = sourcecode.swift; path = MWHomeRepositoryTest.swift; sourceTree = "<group>"; };
/* End PBXFileReference section */

/* Begin PBXFrameworksBuildPhase section */
		5AE23FEA281414C300078C28 /* Frameworks */ = {
			isa = PBXFrameworksBuildPhase;
			buildActionMask = 2147483647;
			files = (
				5AE2405A2814300B00078C28 /* Kingfisher in Frameworks */,
				5AE2405728142FF000078C28 /* Lottie in Frameworks */,
				5AE2405D2814302500078C28 /* CryptoSwift in Frameworks */,
			);
			runOnlyForDeploymentPostprocessing = 0;
		};
		5AE24000281414C600078C28 /* Frameworks */ = {
			isa = PBXFrameworksBuildPhase;
			buildActionMask = 2147483647;
			files = (
			);
			runOnlyForDeploymentPostprocessing = 0;
		};
		5AE2400A281414C600078C28 /* Frameworks */ = {
			isa = PBXFrameworksBuildPhase;
			buildActionMask = 2147483647;
			files = (
			);
			runOnlyForDeploymentPostprocessing = 0;
		};
/* End PBXFrameworksBuildPhase section */

/* Begin PBXGroup section */
		5AE23FE4281414C300078C28 = {
			isa = PBXGroup;
			children = (
				5AE23FEF281414C300078C28 /* MarvelWorldWide */,
				5AE24006281414C600078C28 /* MarvelWorldWideTests */,
				5AE24010281414C600078C28 /* MarvelWorldWideUITests */,
				5AE23FEE281414C300078C28 /* Products */,
				5AE2410E28147D4200078C28 /* Frameworks */,
			);
			sourceTree = "<group>";
		};
		5AE23FEE281414C300078C28 /* Products */ = {
			isa = PBXGroup;
			children = (
				5AE23FED281414C300078C28 /* MarvelWorldWide.app */,
				5AE24003281414C600078C28 /* MarvelWorldWideTests.xctest */,
				5AE2400D281414C600078C28 /* MarvelWorldWideUITests.xctest */,
			);
			name = Products;
			sourceTree = "<group>";
		};
		5AE23FEF281414C300078C28 /* MarvelWorldWide */ = {
			isa = PBXGroup;
			children = (
				5AE2402E281424C500078C28 /* Common */,
				5AE2402F281424E300078C28 /* CommonUI */,
				5AE240202814159500078C28 /* Configuration */,
				5AE24031281424FB00078C28 /* Localizables */,
				5AE2402B2814249A00078C28 /* Main */,
				5AE240322814250600078C28 /* Network */,
				5AE2402C281424AF00078C28 /* Resources */,
				5AE240332814288D00078C28 /* Scenes */,
				5AE2402D281424B800078C28 /* Storyboards */,
				5AE24030281424ED00078C28 /* TestPlan */,
			);
			path = MarvelWorldWide;
			sourceTree = "<group>";
		};
		5AE24006281414C600078C28 /* MarvelWorldWideTests */ = {
			isa = PBXGroup;
			children = (
				5AE241D42815AD9900078C28 /* MWDetailTest */,
				5AE241C12815ACEE00078C28 /* Mock */,
				5AE241BE2815AC6F00078C28 /* MWHomeTest */,
				5AE241BB2815AB4600078C28 /* Util */,
				5AE241B82815A9EE00078C28 /* SessionMock */,
				5AE241B42815A8B300078C28 /* EndpointMock */,
				5AE241B12815A87900078C28 /* NetworkTest */,
			);
			path = MarvelWorldWideTests;
			sourceTree = "<group>";
		};
		5AE24010281414C600078C28 /* MarvelWorldWideUITests */ = {
			isa = PBXGroup;
			children = (
				5AE24011281414C600078C28 /* MarvelWorldWideUITests.swift */,
				5AE24013281414C600078C28 /* MarvelWorldWideUITestsLaunchTests.swift */,
			);
			path = MarvelWorldWideUITests;
			sourceTree = "<group>";
		};
		5AE240202814159500078C28 /* Configuration */ = {
			isa = PBXGroup;
			children = (
				5AE23FFE281414C600078C28 /* Info.plist */,
				5AE24021281415AC00078C28 /* Environment */,
			);
			path = Configuration;
			sourceTree = "<group>";
		};
		5AE24021281415AC00078C28 /* Environment */ = {
			isa = PBXGroup;
			children = (
				5AE24022281415CB00078C28 /* Release.xcconfig */,
				5AE24023281415D800078C28 /* Development.xcconfig */,
				5AE24024281415E100078C28 /* Debug.xcconfig */,
			);
			path = Environment;
			sourceTree = "<group>";
		};
		5AE2402B2814249A00078C28 /* Main */ = {
			isa = PBXGroup;
			children = (
				5AE23FF0281414C300078C28 /* AppDelegate.swift */,
			);
			path = Main;
			sourceTree = "<group>";
		};
		5AE2402C281424AF00078C28 /* Resources */ = {
			isa = PBXGroup;
			children = (
				5AE240A028143F8E00078C28 /* Animations */,
				5AE23FF9281414C600078C28 /* Assets.xcassets */,
			);
			path = Resources;
			sourceTree = "<group>";
		};
		5AE2402D281424B800078C28 /* Storyboards */ = {
			isa = PBXGroup;
			children = (
				5AE23FFB281414C600078C28 /* LaunchScreen.storyboard */,
			);
			path = Storyboards;
			sourceTree = "<group>";
		};
		5AE2402E281424C500078C28 /* Common */ = {
			isa = PBXGroup;
			children = (
				5AE241052814770100078C28 /* Database */,
				5AE2407F28143AEC00078C28 /* Util */,
				5AE240702814320D00078C28 /* Struct */,
				5AE240692814318F00078C28 /* Enum */,
				5AE240662814315200078C28 /* Extension */,
				5AE2405E281430A200078C28 /* Protocol */,
			);
			path = Common;
			sourceTree = "<group>";
		};
		5AE2402F281424E300078C28 /* CommonUI */ = {
			isa = PBXGroup;
			children = (
				5AE240F8281474CD00078C28 /* CollectionViewCell */,
				5AE2408528143C1600078C28 /* ImageView */,
				5AE2408228143BDC00078C28 /* Label */,
				5AE240612814310500078C28 /* ViewController */,
			);
			path = CommonUI;
			sourceTree = "<group>";
		};
		5AE24030281424ED00078C28 /* TestPlan */ = {
			isa = PBXGroup;
			children = (
				5AE241B72815A8FF00078C28 /* MWPreTestPlan.xctestplan */,
			);
			path = TestPlan;
			sourceTree = "<group>";
		};
		5AE24031281424FB00078C28 /* Localizables */ = {
			isa = PBXGroup;
			children = (
				5AE24038281428B400078C28 /* Localizable.strings */,
			);
			path = Localizables;
			sourceTree = "<group>";
		};
		5AE240322814250600078C28 /* Network */ = {
			isa = PBXGroup;
			children = (
				5AE2409D28143EB900078C28 /* Model */,
				5AE2409A28143E6500078C28 /* Facade */,
				5AE2409728143E0C00078C28 /* ContentType */,
				5AE2409428143DDD00078C28 /* URLMethod */,
				5AE2409128143DAE00078C28 /* Endpoint */,
				5AE2408E28143D8600078C28 /* Factory */,
				5AE2408B28143D3A00078C28 /* Error */,
				5AE2408828143D0200078C28 /* Main */,
			);
			path = Network;
			sourceTree = "<group>";
		};
		5AE240332814288D00078C28 /* Scenes */ = {
			isa = PBXGroup;
			children = (
				5AE240D22814720500078C28 /* MWDetail */,
				5AE240A928144D3900078C28 /* MWHome */,
				5AE2403A28142E7800078C28 /* MWSplash */,
			);
			path = Scenes;
			sourceTree = "<group>";
		};
		5AE2403A28142E7800078C28 /* MWSplash */ = {
			isa = PBXGroup;
			children = (
				5AE2404528142EC100078C28 /* View */,
				5AE2404428142EB900078C28 /* ViewModel */,
				5AE2404328142EB200078C28 /* Coordinator */,
			);
			path = MWSplash;
			sourceTree = "<group>";
		};
		5AE2404328142EB200078C28 /* Coordinator */ = {
			isa = PBXGroup;
			children = (
				5AE2404728142ED400078C28 /* MWSplashCoordinator.swift */,
				5AE2404628142ED400078C28 /* MWSplashCoordinatorProtocol.swift */,
			);
			path = Coordinator;
			sourceTree = "<group>";
		};
		5AE2404428142EB900078C28 /* ViewModel */ = {
			isa = PBXGroup;
			children = (
				5AE2404F28142F5A00078C28 /* MWSplashViewModel.swift */,
				5AE2404E28142F5A00078C28 /* MWSplashViewModelProtocol.swift */,
			);
			path = ViewModel;
			sourceTree = "<group>";
		};
		5AE2404528142EC100078C28 /* View */ = {
			isa = PBXGroup;
			children = (
				5AE2404B28142F1600078C28 /* MWSplashViewController.swift */,
				5AE2404A28142F1600078C28 /* MWSplashViewController.xib */,
			);
			path = View;
			sourceTree = "<group>";
		};
		5AE2405E281430A200078C28 /* Protocol */ = {
			isa = PBXGroup;
			children = (
				5AE2405F281430C100078C28 /* MWCoordinatorProtocol.swift */,
			);
			path = Protocol;
			sourceTree = "<group>";
		};
		5AE240612814310500078C28 /* ViewController */ = {
			isa = PBXGroup;
			children = (
				5AE240622814311500078C28 /* BaseViewController.swift */,
				5AE240642814312B00078C28 /* BaseViewControllerProtocol.swift */,
			);
			path = ViewController;
			sourceTree = "<group>";
		};
		5AE240662814315200078C28 /* Extension */ = {
			isa = PBXGroup;
			children = (
				5AE240672814316200078C28 /* ViewExtension.swift */,
				5AE2406C281431CC00078C28 /* StringExtension.swift */,
				5AE2406E281431F000078C28 /* URLComponentExtension.swift */,
				5AE2407D28143A7A00078C28 /* UIColorExtension.swift */,
			);
			path = Extension;
			sourceTree = "<group>";
		};
		5AE240692814318F00078C28 /* Enum */ = {
			isa = PBXGroup;
			children = (
				5AE2407A28143A1A00078C28 /* Color */,
				5AE2406A2814319B00078C28 /* AnimationAction.swift */,
				5AE241AD28149C2D00078C28 /* RelatedElementType.swift */,
			);
			path = Enum;
			sourceTree = "<group>";
		};
		5AE240702814320D00078C28 /* Struct */ = {
			isa = PBXGroup;
			children = (
				5AE240762814380F00078C28 /* Constant */,
				5AE240752814380700078C28 /* Environment */,
			);
			path = Struct;
			sourceTree = "<group>";
		};
		5AE240752814380700078C28 /* Environment */ = {
			isa = PBXGroup;
			children = (
				5AE240712814322200078C28 /* EnvironmentProperty.swift */,
				5AE240732814325F00078C28 /* EnvironmentPropertyProtocol.swift */,
			);
			path = Environment;
			sourceTree = "<group>";
		};
		5AE240762814380F00078C28 /* Constant */ = {
			isa = PBXGroup;
			children = (
				5AE240772814389D00078C28 /* Constant.swift */,
			);
			path = Constant;
			sourceTree = "<group>";
		};
		5AE2407A28143A1A00078C28 /* Color */ = {
			isa = PBXGroup;
			children = (
				5AE2407B28143A2700078C28 /* MWColor.swift */,
			);
			path = Color;
			sourceTree = "<group>";
		};
		5AE2407F28143AEC00078C28 /* Util */ = {
			isa = PBXGroup;
			children = (
				5AE2408028143AF600078C28 /* Parser.swift */,
			);
			path = Util;
			sourceTree = "<group>";
		};
		5AE2408228143BDC00078C28 /* Label */ = {
			isa = PBXGroup;
			children = (
				5AE2408328143BF300078C28 /* MWLabel.swift */,
			);
			path = Label;
			sourceTree = "<group>";
		};
		5AE2408528143C1600078C28 /* ImageView */ = {
			isa = PBXGroup;
			children = (
				5AE2408628143C2700078C28 /* MWImageView.swift */,
			);
			path = ImageView;
			sourceTree = "<group>";
		};
		5AE2408828143D0200078C28 /* Main */ = {
			isa = PBXGroup;
			children = (
				5AE2408928143D2100078C28 /* MWNetwork.swift */,
			);
			path = Main;
			sourceTree = "<group>";
		};
		5AE2408B28143D3A00078C28 /* Error */ = {
			isa = PBXGroup;
			children = (
				5AE2408C28143D4300078C28 /* MWNetworkError.swift */,
			);
			path = Error;
			sourceTree = "<group>";
		};
		5AE2408E28143D8600078C28 /* Factory */ = {
			isa = PBXGroup;
			children = (
				5AE2408F28143D9F00078C28 /* MWRequestFactory.swift */,
			);
			path = Factory;
			sourceTree = "<group>";
		};
		5AE2409128143DAE00078C28 /* Endpoint */ = {
			isa = PBXGroup;
			children = (
				5AE2409228143DC800078C28 /* MWEndpointProtocol.swift */,
			);
			path = Endpoint;
			sourceTree = "<group>";
		};
		5AE2409428143DDD00078C28 /* URLMethod */ = {
			isa = PBXGroup;
			children = (
				5AE2409528143E0400078C28 /* MWURLMethod.swift */,
			);
			path = URLMethod;
			sourceTree = "<group>";
		};
		5AE2409728143E0C00078C28 /* ContentType */ = {
			isa = PBXGroup;
			children = (
				5AE2409828143E2400078C28 /* MWContentType.swift */,
			);
			path = ContentType;
			sourceTree = "<group>";
		};
		5AE2409A28143E6500078C28 /* Facade */ = {
			isa = PBXGroup;
			children = (
				5AE2409B28143E9900078C28 /* MWNetworkFacade.swift */,
			);
			path = Facade;
			sourceTree = "<group>";
		};
		5AE2409D28143EB900078C28 /* Model */ = {
			isa = PBXGroup;
			children = (
				5AE2409E28143ECE00078C28 /* ResponseGenericModel.swift */,
			);
			path = Model;
			sourceTree = "<group>";
		};
		5AE240A028143F8E00078C28 /* Animations */ = {
			isa = PBXGroup;
			children = (
				5AE240A428143F9B00078C28 /* animationPow.json */,
				5AE240A228143F9B00078C28 /* loaderAnimation.json */,
				5AE240A328143F9B00078C28 /* noContents.json */,
				5AE240A128143F9B00078C28 /* splashAnimationtest.json */,
			);
			path = Animations;
			sourceTree = "<group>";
		};
		5AE240A928144D3900078C28 /* MWHome */ = {
			isa = PBXGroup;
			children = (
				5AE240C028144F1E00078C28 /* View */,
				5AE240BF28144F1100078C28 /* Repository */,
				5AE240B628144E7B00078C28 /* Coordinator */,
				5AE240B528144E7000078C28 /* ViewModel */,
				5AE240AA28144D4100078C28 /* DataSource */,
			);
			path = MWHome;
			sourceTree = "<group>";
		};
		5AE240AA28144D4100078C28 /* DataSource */ = {
			isa = PBXGroup;
			children = (
				5AE240AE28144D7700078C28 /* Endpoint */,
				5AE240AB28144D4700078C28 /* Model */,
				5AE241082814783A00078C28 /* API */,
			);
			path = DataSource;
			sourceTree = "<group>";
		};
		5AE240AB28144D4700078C28 /* Model */ = {
			isa = PBXGroup;
			children = (
				5AE240AC28144D5100078C28 /* CharacterModel.swift */,
			);
			path = Model;
			sourceTree = "<group>";
		};
		5AE240AE28144D7700078C28 /* Endpoint */ = {
			isa = PBXGroup;
			children = (
				5AE240AF28144D8D00078C28 /* MWHomeEndpoint.swift */,
			);
			path = Endpoint;
			sourceTree = "<group>";
		};
		5AE240B528144E7000078C28 /* ViewModel */ = {
			isa = PBXGroup;
			children = (
				5AE240B728144E9B00078C28 /* MWHomeViewModel.swift */,
				5AE240B928144EA400078C28 /* MWHomeViewModelProtocol.swift */,
			);
			path = ViewModel;
			sourceTree = "<group>";
		};
		5AE240B628144E7B00078C28 /* Coordinator */ = {
			isa = PBXGroup;
			children = (
				5AE240BB28144EAF00078C28 /* MWHomeCoordinator.swift */,
				5AE240BD28144EBF00078C28 /* MWHomeCoordinatorProtocol.swift */,
			);
			path = Coordinator;
			sourceTree = "<group>";
		};
		5AE240BF28144F1100078C28 /* Repository */ = {
			isa = PBXGroup;
			children = (
				5AE241012814759900078C28 /* MWHomeRepository.swift */,
				5AE24103281475A200078C28 /* MWHomeRepositoryProtocol.swift */,
			);
			path = Repository;
			sourceTree = "<group>";
		};
		5AE240C028144F1E00078C28 /* View */ = {
			isa = PBXGroup;
			children = (
				5AE240C928146F8600078C28 /* Cell */,
				5AE240C328144F4900078C28 /* MWHomeListViewController.swift */,
				5AE240C128144F3D00078C28 /* MWHomeListViewController.xib */,
				5AE240C528144F6200078C28 /* MWHomeListViewControllerProtocol.swift */,
				5AE240C728144F9A00078C28 /* MWHomeListViewController+UITableViewDelegate+DataSource.swift */,
				5AE240D02814716000078C28 /* MWHomeListViewController+UISearchBarDelegate.swift */,
			);
			path = View;
			sourceTree = "<group>";
		};
		5AE240C928146F8600078C28 /* Cell */ = {
			isa = PBXGroup;
			children = (
				5AE240CB28146F8E00078C28 /* MWHomeListTableViewCell.swift */,
				5AE240CA28146F8E00078C28 /* MWHomeListTableViewCell.xib */,
				5AE240CE28146FBF00078C28 /* MWHomeListCellModel.swift */,
			);
			path = Cell;
			sourceTree = "<group>";
		};
		5AE240D22814720500078C28 /* MWDetail */ = {
			isa = PBXGroup;
			children = (
				5AE240D82814727100078C28 /* Coordinator */,
				5AE240D72814726300078C28 /* DataSource */,
				5AE240D52814725500078C28 /* Repository */,
				5AE240D42814725100078C28 /* ViewModel */,
				5AE240D32814724C00078C28 /* View */,
			);
			path = MWDetail;
			sourceTree = "<group>";
		};
		5AE240D32814724C00078C28 /* View */ = {
			isa = PBXGroup;
			children = (
				5AE240F62814749300078C28 /* MWDetailViewController.xib */,
				5AE240E9281472FD00078C28 /* MWDetailViewControllerModel.swift */,
				5AE240E5281472E500078C28 /* MWDetailViewController.swift */,
				5AE240E6281472E500078C28 /* MWDetailViewControllerProtocol.swift */,
				5AE240EF2814736B00078C28 /* CommonElement.swift */,
				5AE240FF2814750A00078C28 /* MWDetailViewController+UICollectionViewDelegate+DataSource.swift */,
			);
			path = View;
			sourceTree = "<group>";
		};
		5AE240D42814725100078C28 /* ViewModel */ = {
			isa = PBXGroup;
			children = (
				5AE240EC2814732900078C28 /* MWDetailViewModel.swift */,
				5AE240EB2814732900078C28 /* MWDetailViewModelProtocol.swift */,
			);
			path = ViewModel;
			sourceTree = "<group>";
		};
		5AE240D52814725500078C28 /* Repository */ = {
			isa = PBXGroup;
			children = (
				5AE241A9281494E500078C28 /* MWDetailRepository.swift */,
				5AE241AB281494F300078C28 /* MWDetailRepositoryProtocol.swift */,
			);
			path = Repository;
			sourceTree = "<group>";
		};
		5AE240D72814726300078C28 /* DataSource */ = {
			isa = PBXGroup;
			children = (
				5AE241A4281493C500078C28 /* Local */,
				5AE241A3281493BE00078C28 /* API */,
				5AE240DE2814729500078C28 /* Model */,
				5AE240DD2814729000078C28 /* Endpoint */,
			);
			path = DataSource;
			sourceTree = "<group>";
		};
		5AE240D82814727100078C28 /* Coordinator */ = {
			isa = PBXGroup;
			children = (
				5AE240D92814727C00078C28 /* MWDetailCoordinator.swift */,
				5AE240DA2814727C00078C28 /* MWDetailCoordinatorProtocol.swift */,
			);
			path = Coordinator;
			sourceTree = "<group>";
		};
		5AE240DD2814729000078C28 /* Endpoint */ = {
			isa = PBXGroup;
			children = (
				5AE240F42814745B00078C28 /* MWDetailEndpoint.swift */,
			);
			path = Endpoint;
			sourceTree = "<group>";
		};
		5AE240DE2814729500078C28 /* Model */ = {
			isa = PBXGroup;
			children = (
				5AE240E3281472C100078C28 /* RelatedElementModel.swift */,
			);
			path = Model;
			sourceTree = "<group>";
		};
		5AE240F8281474CD00078C28 /* CollectionViewCell */ = {
			isa = PBXGroup;
			children = (
				5AE240FA281474DA00078C28 /* CommonCollectionViewCell.swift */,
				5AE240FB281474DA00078C28 /* CommonCollectionViewCell.xib */,
				5AE240F9281474DA00078C28 /* CommonCollectionViewElementModel.swift */,
			);
			path = CollectionViewCell;
			sourceTree = "<group>";
		};
		5AE241052814770100078C28 /* Database */ = {
			isa = PBXGroup;
			children = (
				5AE241062814772E00078C28 /* DatabaseManager.swift */,
				5AE241AF281576A400078C28 /* DatabaseManagerProtocol.swift */,
			);
			path = Database;
			sourceTree = "<group>";
		};
		5AE241082814783A00078C28 /* API */ = {
			isa = PBXGroup;
			children = (
				5AE240B128144DE100078C28 /* MWHomeDataSourceAPI.swift */,
				5AE240B328144E1A00078C28 /* MWHomeDataSourceAPIProtocol.swift */,
			);
			path = API;
			sourceTree = "<group>";
		};
		5AE2410E28147D4200078C28 /* Frameworks */ = {
			isa = PBXGroup;
			children = (
				5AE2410F28147D4200078C28 /* ObjectBox.framework */,
			);
			name = Frameworks;
			sourceTree = "<group>";
		};
		5AE241A3281493BE00078C28 /* API */ = {
			isa = PBXGroup;
			children = (
				5AE240E02814729E00078C28 /* MWDetailDataSourceAPI.swift */,
				5AE240DF2814729E00078C28 /* MWDetailDataSourceAPIProtocol.swift */,
			);
			path = API;
			sourceTree = "<group>";
		};
		5AE241A4281493C500078C28 /* Local */ = {
			isa = PBXGroup;
			children = (
				5AE241A5281493D600078C28 /* MWDetailDataSourceLocal.swift */,
				5AE241A7281493E200078C28 /* MWDetailDataSourceLocalProtocol.swift */,
			);
			path = Local;
			sourceTree = "<group>";
		};
		5AE241B12815A87900078C28 /* NetworkTest */ = {
			isa = PBXGroup;
			children = (
				5AE241B22815A88A00078C28 /* MWNetworkFacadeTest.swift */,
			);
			path = NetworkTest;
			sourceTree = "<group>";
		};
		5AE241B42815A8B300078C28 /* EndpointMock */ = {
			isa = PBXGroup;
			children = (
				5AE241B52815A8CB00078C28 /* EndpointMock.swift */,
			);
			path = EndpointMock;
			sourceTree = "<group>";
		};
		5AE241B82815A9EE00078C28 /* SessionMock */ = {
			isa = PBXGroup;
			children = (
				5AE241B92815A9FB00078C28 /* URLSessionMock.swift */,
			);
			path = SessionMock;
			sourceTree = "<group>";
		};
		5AE241BB2815AB4600078C28 /* Util */ = {
			isa = PBXGroup;
			children = (
				5AE241BC2815AB5000078C28 /* MockHelper.swift */,
			);
			path = Util;
			sourceTree = "<group>";
		};
		5AE241BE2815AC6F00078C28 /* MWHomeTest */ = {
			isa = PBXGroup;
			children = (
				5AE241BF2815AC8200078C28 /* MWHomeDataSourceAPITest.swift */,
				5AE241D72815AFF200078C28 /* MWHomeViewModelTest.swift */,
				5AE241DD2815D28D00078C28 /* MWHomeRepositoryTest.swift */,
			);
			path = MWHomeTest;
			sourceTree = "<group>";
		};
		5AE241C12815ACEE00078C28 /* Mock */ = {
			isa = PBXGroup;
			children = (
				5AE241C72815ACFC00078C28 /* characterComicResponseMock.json */,
				5AE241C62815ACFC00078C28 /* characterComicsResponseMock.json */,
				5AE241C82815ACFC00078C28 /* characterDetailEmptyResponseMock.json */,
				5AE241C92815ACFC00078C28 /* characterDetailResponseMock.json */,
				5AE241C52815ACFC00078C28 /* characterErrorDecodeResponseMock.json */,
				5AE241C32815ACFC00078C28 /* characterErrorResponseMock.json */,
				5AE241CA2815ACFC00078C28 /* characterListResponseMock.json */,
				5AE241C42815ACFC00078C28 /* characterListWrongResponseMock.json */,
				5AE241C22815ACFC00078C28 /* characterSerieResponseMock.json */,
			);
			path = Mock;
			sourceTree = "<group>";
		};
		5AE241D42815AD9900078C28 /* MWDetailTest */ = {
			isa = PBXGroup;
			children = (
				5AE241D52815ADAB00078C28 /* MWDetailDataSourceAPITest.swift */,
				5AE241D92815BDEC00078C28 /* MWDetailDataSourceLocalTest.swift */,
				5AE241DB2815C6E900078C28 /* MWDetailRepositoryTest.swift */,
			);
			path = MWDetailTest;
			sourceTree = "<group>";
		};
/* End PBXGroup section */

/* Begin PBXNativeTarget section */
		5AE23FEC281414C300078C28 /* MarvelWorldWide */ = {
			isa = PBXNativeTarget;
			buildConfigurationList = 5AE24017281414C600078C28 /* Build configuration list for PBXNativeTarget "MarvelWorldWide" */;
			buildPhases = (
				5AE23FE9281414C300078C28 /* Sources */,
				5AE23FEA281414C300078C28 /* Frameworks */,
				5AE23FEB281414C300078C28 /* Resources */,
			);
			buildRules = (
			);
			dependencies = (
			);
			name = MarvelWorldWide;
			packageProductDependencies = (
				5AE2405628142FF000078C28 /* Lottie */,
				5AE240592814300B00078C28 /* Kingfisher */,
				5AE2405C2814302500078C28 /* CryptoSwift */,
			);
			productName = MarvelWorldWide;
			productReference = 5AE23FED281414C300078C28 /* MarvelWorldWide.app */;
			productType = "com.apple.product-type.application";
		};
		5AE24002281414C600078C28 /* MarvelWorldWideTests */ = {
			isa = PBXNativeTarget;
			buildConfigurationList = 5AE2401A281414C600078C28 /* Build configuration list for PBXNativeTarget "MarvelWorldWideTests" */;
			buildPhases = (
				5AE23FFF281414C600078C28 /* Sources */,
				5AE24000281414C600078C28 /* Frameworks */,
				5AE24001281414C600078C28 /* Resources */,
			);
			buildRules = (
			);
			dependencies = (
				5AE24005281414C600078C28 /* PBXTargetDependency */,
			);
			name = MarvelWorldWideTests;
			productName = MarvelWorldWideTests;
			productReference = 5AE24003281414C600078C28 /* MarvelWorldWideTests.xctest */;
			productType = "com.apple.product-type.bundle.unit-test";
		};
		5AE2400C281414C600078C28 /* MarvelWorldWideUITests */ = {
			isa = PBXNativeTarget;
			buildConfigurationList = 5AE2401D281414C600078C28 /* Build configuration list for PBXNativeTarget "MarvelWorldWideUITests" */;
			buildPhases = (
				5AE24009281414C600078C28 /* Sources */,
				5AE2400A281414C600078C28 /* Frameworks */,
				5AE2400B281414C600078C28 /* Resources */,
			);
			buildRules = (
			);
			dependencies = (
				5AE2400F281414C600078C28 /* PBXTargetDependency */,
			);
			name = MarvelWorldWideUITests;
			productName = MarvelWorldWideUITests;
			productReference = 5AE2400D281414C600078C28 /* MarvelWorldWideUITests.xctest */;
			productType = "com.apple.product-type.bundle.ui-testing";
		};
/* End PBXNativeTarget section */

/* Begin PBXProject section */
		5AE23FE5281414C300078C28 /* Project object */ = {
			isa = PBXProject;
			attributes = {
				BuildIndependentTargetsInParallel = 1;
				LastSwiftUpdateCheck = 1320;
				LastUpgradeCheck = 1320;
				TargetAttributes = {
					5AE23FEC281414C300078C28 = {
						CreatedOnToolsVersion = 13.2.1;
					};
					5AE24002281414C600078C28 = {
						CreatedOnToolsVersion = 13.2.1;
						TestTargetID = 5AE23FEC281414C300078C28;
					};
					5AE2400C281414C600078C28 = {
						CreatedOnToolsVersion = 13.2.1;
						TestTargetID = 5AE23FEC281414C300078C28;
					};
				};
			};
			buildConfigurationList = 5AE23FE8281414C300078C28 /* Build configuration list for PBXProject "MarvelWorldWide" */;
			compatibilityVersion = "Xcode 13.0";
			developmentRegion = en;
			hasScannedForEncodings = 0;
			knownRegions = (
				en,
				Base,
				es,
			);
			mainGroup = 5AE23FE4281414C300078C28;
			packageReferences = (
				5AE2405528142FF000078C28 /* XCRemoteSwiftPackageReference "lottie-ios" */,
				5AE240582814300B00078C28 /* XCRemoteSwiftPackageReference "Kingfisher" */,
				5AE2405B2814302500078C28 /* XCRemoteSwiftPackageReference "CryptoSwift" */,
			);
			productRefGroup = 5AE23FEE281414C300078C28 /* Products */;
			projectDirPath = "";
			projectRoot = "";
			targets = (
				5AE23FEC281414C300078C28 /* MarvelWorldWide */,
				5AE24002281414C600078C28 /* MarvelWorldWideTests */,
				5AE2400C281414C600078C28 /* MarvelWorldWideUITests */,
			);
		};
/* End PBXProject section */

/* Begin PBXResourcesBuildPhase section */
		5AE23FEB281414C300078C28 /* Resources */ = {
			isa = PBXResourcesBuildPhase;
			buildActionMask = 2147483647;
			files = (
				5AE23FFD281414C600078C28 /* LaunchScreen.storyboard in Resources */,
				5AE240A628143F9B00078C28 /* loaderAnimation.json in Resources */,
				5AE2404C28142F1600078C28 /* MWSplashViewController.xib in Resources */,
				5AE240C228144F3D00078C28 /* MWHomeListViewController.xib in Resources */,
				5AE240A728143F9B00078C28 /* noContents.json in Resources */,
				5AE240FE281474DB00078C28 /* CommonCollectionViewCell.xib in Resources */,
				5AE240F72814749300078C28 /* MWDetailViewController.xib in Resources */,
				5AE240A528143F9B00078C28 /* splashAnimationtest.json in Resources */,
				5AE24036281428B400078C28 /* Localizable.strings in Resources */,
				5AE23FFA281414C600078C28 /* Assets.xcassets in Resources */,
				5AE240CC28146F8E00078C28 /* MWHomeListTableViewCell.xib in Resources */,
				5AE240A828143F9B00078C28 /* animationPow.json in Resources */,
			);
			runOnlyForDeploymentPostprocessing = 0;
		};
		5AE24001281414C600078C28 /* Resources */ = {
			isa = PBXResourcesBuildPhase;
			buildActionMask = 2147483647;
			files = (
				5AE241CB2815ACFC00078C28 /* characterSerieResponseMock.json in Resources */,
				5AE241CE2815ACFC00078C28 /* characterErrorDecodeResponseMock.json in Resources */,
				5AE241D32815ACFC00078C28 /* characterListResponseMock.json in Resources */,
				5AE241D22815ACFC00078C28 /* characterDetailResponseMock.json in Resources */,
				5AE241D02815ACFC00078C28 /* characterComicResponseMock.json in Resources */,
				5AE241CD2815ACFC00078C28 /* characterListWrongResponseMock.json in Resources */,
				5AE241CF2815ACFC00078C28 /* characterComicsResponseMock.json in Resources */,
				5AE241D12815ACFC00078C28 /* characterDetailEmptyResponseMock.json in Resources */,
				5AE241CC2815ACFC00078C28 /* characterErrorResponseMock.json in Resources */,
			);
			runOnlyForDeploymentPostprocessing = 0;
		};
		5AE2400B281414C600078C28 /* Resources */ = {
			isa = PBXResourcesBuildPhase;
			buildActionMask = 2147483647;
			files = (
			);
			runOnlyForDeploymentPostprocessing = 0;
		};
/* End PBXResourcesBuildPhase section */

/* Begin PBXSourcesBuildPhase section */
		5AE23FE9281414C300078C28 /* Sources */ = {
			isa = PBXSourcesBuildPhase;
			buildActionMask = 2147483647;
			files = (
				5AE240722814322200078C28 /* EnvironmentProperty.swift in Sources */,
				5AE2407C28143A2700078C28 /* MWColor.swift in Sources */,
				5AE240CD28146F8E00078C28 /* MWHomeListTableViewCell.swift in Sources */,
				5AE2409C28143E9900078C28 /* MWNetworkFacade.swift in Sources */,
				5AE240FC281474DA00078C28 /* CommonCollectionViewElementModel.swift in Sources */,
				5AE241AC281494F300078C28 /* MWDetailRepositoryProtocol.swift in Sources */,
				5AE240EE2814732900078C28 /* MWDetailViewModel.swift in Sources */,
				5AE240D12814716000078C28 /* MWHomeListViewController+UISearchBarDelegate.swift in Sources */,
				5AE240B828144E9B00078C28 /* MWHomeViewModel.swift in Sources */,
				5AE2404928142ED400078C28 /* MWSplashCoordinator.swift in Sources */,
				5AE240DB2814727C00078C28 /* MWDetailCoordinator.swift in Sources */,
				5AE241B0281576A400078C28 /* DatabaseManagerProtocol.swift in Sources */,
				5AE240CF28146FBF00078C28 /* MWHomeListCellModel.swift in Sources */,
				5AE2409328143DC900078C28 /* MWEndpointProtocol.swift in Sources */,
				5AE240B028144D8D00078C28 /* MWHomeEndpoint.swift in Sources */,
				5AE240B228144DE100078C28 /* MWHomeDataSourceAPI.swift in Sources */,
				5AE241072814772E00078C28 /* DatabaseManager.swift in Sources */,
				5AE2405128142F5A00078C28 /* MWSplashViewModel.swift in Sources */,
				5AE240782814389D00078C28 /* Constant.swift in Sources */,
				5AE24104281475A200078C28 /* MWHomeRepositoryProtocol.swift in Sources */,
				5AE2407E28143A7A00078C28 /* UIColorExtension.swift in Sources */,
				5AE240B428144E1A00078C28 /* MWHomeDataSourceAPIProtocol.swift in Sources */,
				5AE240E4281472C100078C28 /* RelatedElementModel.swift in Sources */,
				5AE2409028143D9F00078C28 /* MWRequestFactory.swift in Sources */,
				5AE240DC2814727C00078C28 /* MWDetailCoordinatorProtocol.swift in Sources */,
				5AE240C828144F9A00078C28 /* MWHomeListViewController+UITableViewDelegate+DataSource.swift in Sources */,
				5AE2408A28143D2100078C28 /* MWNetwork.swift in Sources */,
				5AE241AE28149C2D00078C28 /* RelatedElementType.swift in Sources */,
				5AE2406B2814319B00078C28 /* AnimationAction.swift in Sources */,
				5AE2409628143E0400078C28 /* MWURLMethod.swift in Sources */,
				5AE240BA28144EA400078C28 /* MWHomeViewModelProtocol.swift in Sources */,
				5AE241022814759900078C28 /* MWHomeRepository.swift in Sources */,
				5AE240C628144F6200078C28 /* MWHomeListViewControllerProtocol.swift in Sources */,
				5AE2404D28142F1600078C28 /* MWSplashViewController.swift in Sources */,
				5AE2409F28143ECE00078C28 /* ResponseGenericModel.swift in Sources */,
				5AE2405028142F5A00078C28 /* MWSplashViewModelProtocol.swift in Sources */,
				5AE241A8281493E200078C28 /* MWDetailDataSourceLocalProtocol.swift in Sources */,
				5AE240F52814745B00078C28 /* MWDetailEndpoint.swift in Sources */,
				5AE240BE28144EBF00078C28 /* MWHomeCoordinatorProtocol.swift in Sources */,
				5AE240E8281472E500078C28 /* MWDetailViewControllerProtocol.swift in Sources */,
				5AE240682814316300078C28 /* ViewExtension.swift in Sources */,
				5AE2408728143C2700078C28 /* MWImageView.swift in Sources */,
				5AE23FF1281414C300078C28 /* AppDelegate.swift in Sources */,
				5AE240BC28144EAF00078C28 /* MWHomeCoordinator.swift in Sources */,
				5AE240E12814729E00078C28 /* MWDetailDataSourceAPIProtocol.swift in Sources */,
				5AE241AA281494E500078C28 /* MWDetailRepository.swift in Sources */,
				5AE240742814325F00078C28 /* EnvironmentPropertyProtocol.swift in Sources */,
				5AE2408D28143D4300078C28 /* MWNetworkError.swift in Sources */,
				5AE240FD281474DA00078C28 /* CommonCollectionViewCell.swift in Sources */,
				5AE2408428143BF300078C28 /* MWLabel.swift in Sources */,
				5AE240AD28144D5100078C28 /* CharacterModel.swift in Sources */,
				5AE240632814311500078C28 /* BaseViewController.swift in Sources */,
				5AE241002814750A00078C28 /* MWDetailViewController+UICollectionViewDelegate+DataSource.swift in Sources */,
				5AE2406D281431CC00078C28 /* StringExtension.swift in Sources */,
				5AE241A6281493D600078C28 /* MWDetailDataSourceLocal.swift in Sources */,
				5AE240E7281472E500078C28 /* MWDetailViewController.swift in Sources */,
				5AE2404828142ED400078C28 /* MWSplashCoordinatorProtocol.swift in Sources */,
				5AE240EA281472FD00078C28 /* MWDetailViewControllerModel.swift in Sources */,
				5AE2408128143AF600078C28 /* Parser.swift in Sources */,
				5AE240C428144F4900078C28 /* MWHomeListViewController.swift in Sources */,
				5AE240F02814736B00078C28 /* CommonElement.swift in Sources */,
				5AE240652814312B00078C28 /* BaseViewControllerProtocol.swift in Sources */,
				5AE2409928143E2400078C28 /* MWContentType.swift in Sources */,
				5AE24060281430C100078C28 /* MWCoordinatorProtocol.swift in Sources */,
				5AE2406F281431F000078C28 /* URLComponentExtension.swift in Sources */,
				5AE240E22814729E00078C28 /* MWDetailDataSourceAPI.swift in Sources */,
				5AE240ED2814732900078C28 /* MWDetailViewModelProtocol.swift in Sources */,
			);
			runOnlyForDeploymentPostprocessing = 0;
		};
		5AE23FFF281414C600078C28 /* Sources */ = {
			isa = PBXSourcesBuildPhase;
			buildActionMask = 2147483647;
			files = (
				5AE241BA2815A9FB00078C28 /* URLSessionMock.swift in Sources */,
				5AE241BD2815AB5000078C28 /* MockHelper.swift in Sources */,
				5AE241B32815A88A00078C28 /* MWNetworkFacadeTest.swift in Sources */,
				5AE241D82815AFF200078C28 /* MWHomeViewModelTest.swift in Sources */,
				5AE241DE2815D28D00078C28 /* MWHomeRepositoryTest.swift in Sources */,
				5AE241DC2815C6E900078C28 /* MWDetailRepositoryTest.swift in Sources */,
				5AE241B62815A8CB00078C28 /* EndpointMock.swift in Sources */,
				5AE241DA2815BDEC00078C28 /* MWDetailDataSourceLocalTest.swift in Sources */,
				5AE241D62815ADAB00078C28 /* MWDetailDataSourceAPITest.swift in Sources */,
				5AE241C02815AC8200078C28 /* MWHomeDataSourceAPITest.swift in Sources */,
			);
			runOnlyForDeploymentPostprocessing = 0;
		};
		5AE24009281414C600078C28 /* Sources */ = {
			isa = PBXSourcesBuildPhase;
			buildActionMask = 2147483647;
			files = (
				5AE24012281414C600078C28 /* MarvelWorldWideUITests.swift in Sources */,
				5AE24014281414C600078C28 /* MarvelWorldWideUITestsLaunchTests.swift in Sources */,
			);
			runOnlyForDeploymentPostprocessing = 0;
		};
/* End PBXSourcesBuildPhase section */

/* Begin PBXTargetDependency section */
		5AE24005281414C600078C28 /* PBXTargetDependency */ = {
			isa = PBXTargetDependency;
			target = 5AE23FEC281414C300078C28 /* MarvelWorldWide */;
			targetProxy = 5AE24004281414C600078C28 /* PBXContainerItemProxy */;
		};
		5AE2400F281414C600078C28 /* PBXTargetDependency */ = {
			isa = PBXTargetDependency;
			target = 5AE23FEC281414C300078C28 /* MarvelWorldWide */;
			targetProxy = 5AE2400E281414C600078C28 /* PBXContainerItemProxy */;
		};
/* End PBXTargetDependency section */

/* Begin PBXVariantGroup section */
		5AE23FFB281414C600078C28 /* LaunchScreen.storyboard */ = {
			isa = PBXVariantGroup;
			children = (
				5AE23FFC281414C600078C28 /* Base */,
				5AE24026281416D100078C28 /* es */,
			);
			name = LaunchScreen.storyboard;
			sourceTree = "<group>";
		};
		5AE24038281428B400078C28 /* Localizable.strings */ = {
			isa = PBXVariantGroup;
			children = (
				5AE24037281428B400078C28 /* es */,
				5AE24039281428B700078C28 /* en */,
			);
			name = Localizable.strings;
			sourceTree = "<group>";
		};
/* End PBXVariantGroup section */

/* Begin XCBuildConfiguration section */
		5AE24015281414C600078C28 /* Debug */ = {
			isa = XCBuildConfiguration;
			baseConfigurationReference = 5AE24024281415E100078C28 /* Debug.xcconfig */;
			buildSettings = {
				ALWAYS_SEARCH_USER_PATHS = NO;
				CLANG_ANALYZER_LOCALIZABILITY_NONLOCALIZED = YES;
				CLANG_ANALYZER_NONNULL = YES;
				CLANG_ANALYZER_NUMBER_OBJECT_CONVERSION = YES_AGGRESSIVE;
				CLANG_CXX_LANGUAGE_STANDARD = "gnu++17";
				CLANG_CXX_LIBRARY = "libc++";
				CLANG_ENABLE_MODULES = YES;
				CLANG_ENABLE_OBJC_ARC = YES;
				CLANG_ENABLE_OBJC_WEAK = YES;
				CLANG_WARN_BLOCK_CAPTURE_AUTORELEASING = YES;
				CLANG_WARN_BOOL_CONVERSION = YES;
				CLANG_WARN_COMMA = YES;
				CLANG_WARN_CONSTANT_CONVERSION = YES;
				CLANG_WARN_DEPRECATED_OBJC_IMPLEMENTATIONS = YES;
				CLANG_WARN_DIRECT_OBJC_ISA_USAGE = YES_ERROR;
				CLANG_WARN_DOCUMENTATION_COMMENTS = YES;
				CLANG_WARN_EMPTY_BODY = YES;
				CLANG_WARN_ENUM_CONVERSION = YES;
				CLANG_WARN_INFINITE_RECURSION = YES;
				CLANG_WARN_INT_CONVERSION = YES;
				CLANG_WARN_NON_LITERAL_NULL_CONVERSION = YES;
				CLANG_WARN_OBJC_IMPLICIT_RETAIN_SELF = YES;
				CLANG_WARN_OBJC_LITERAL_CONVERSION = YES;
				CLANG_WARN_OBJC_ROOT_CLASS = YES_ERROR;
				CLANG_WARN_QUOTED_INCLUDE_IN_FRAMEWORK_HEADER = YES;
				CLANG_WARN_RANGE_LOOP_ANALYSIS = YES;
				CLANG_WARN_STRICT_PROTOTYPES = YES;
				CLANG_WARN_SUSPICIOUS_MOVE = YES;
				CLANG_WARN_UNGUARDED_AVAILABILITY = YES_AGGRESSIVE;
				CLANG_WARN_UNREACHABLE_CODE = YES;
				CLANG_WARN__DUPLICATE_METHOD_MATCH = YES;
				COPY_PHASE_STRIP = NO;
				DEBUG_INFORMATION_FORMAT = dwarf;
				ENABLE_STRICT_OBJC_MSGSEND = YES;
				ENABLE_TESTABILITY = YES;
				GCC_C_LANGUAGE_STANDARD = gnu11;
				GCC_DYNAMIC_NO_PIC = NO;
				GCC_NO_COMMON_BLOCKS = YES;
				GCC_OPTIMIZATION_LEVEL = 0;
				GCC_PREPROCESSOR_DEFINITIONS = (
					"DEBUG=1",
					"$(inherited)",
				);
				GCC_WARN_64_TO_32_BIT_CONVERSION = YES;
				GCC_WARN_ABOUT_RETURN_TYPE = YES_ERROR;
				GCC_WARN_UNDECLARED_SELECTOR = YES;
				GCC_WARN_UNINITIALIZED_AUTOS = YES_AGGRESSIVE;
				GCC_WARN_UNUSED_FUNCTION = YES;
				GCC_WARN_UNUSED_VARIABLE = YES;
				IPHONEOS_DEPLOYMENT_TARGET = 15.2;
				MTL_ENABLE_DEBUG_INFO = INCLUDE_SOURCE;
				MTL_FAST_MATH = YES;
				ONLY_ACTIVE_ARCH = YES;
				SDKROOT = iphoneos;
				SWIFT_ACTIVE_COMPILATION_CONDITIONS = DEBUG;
				SWIFT_OPTIMIZATION_LEVEL = "-Onone";
			};
			name = Debug;
		};
		5AE24016281414C600078C28 /* Release */ = {
			isa = XCBuildConfiguration;
			baseConfigurationReference = 5AE24022281415CB00078C28 /* Release.xcconfig */;
			buildSettings = {
				ALWAYS_SEARCH_USER_PATHS = NO;
				CLANG_ANALYZER_LOCALIZABILITY_NONLOCALIZED = YES;
				CLANG_ANALYZER_NONNULL = YES;
				CLANG_ANALYZER_NUMBER_OBJECT_CONVERSION = YES_AGGRESSIVE;
				CLANG_CXX_LANGUAGE_STANDARD = "gnu++17";
				CLANG_CXX_LIBRARY = "libc++";
				CLANG_ENABLE_MODULES = YES;
				CLANG_ENABLE_OBJC_ARC = YES;
				CLANG_ENABLE_OBJC_WEAK = YES;
				CLANG_WARN_BLOCK_CAPTURE_AUTORELEASING = YES;
				CLANG_WARN_BOOL_CONVERSION = YES;
				CLANG_WARN_COMMA = YES;
				CLANG_WARN_CONSTANT_CONVERSION = YES;
				CLANG_WARN_DEPRECATED_OBJC_IMPLEMENTATIONS = YES;
				CLANG_WARN_DIRECT_OBJC_ISA_USAGE = YES_ERROR;
				CLANG_WARN_DOCUMENTATION_COMMENTS = YES;
				CLANG_WARN_EMPTY_BODY = YES;
				CLANG_WARN_ENUM_CONVERSION = YES;
				CLANG_WARN_INFINITE_RECURSION = YES;
				CLANG_WARN_INT_CONVERSION = YES;
				CLANG_WARN_NON_LITERAL_NULL_CONVERSION = YES;
				CLANG_WARN_OBJC_IMPLICIT_RETAIN_SELF = YES;
				CLANG_WARN_OBJC_LITERAL_CONVERSION = YES;
				CLANG_WARN_OBJC_ROOT_CLASS = YES_ERROR;
				CLANG_WARN_QUOTED_INCLUDE_IN_FRAMEWORK_HEADER = YES;
				CLANG_WARN_RANGE_LOOP_ANALYSIS = YES;
				CLANG_WARN_STRICT_PROTOTYPES = YES;
				CLANG_WARN_SUSPICIOUS_MOVE = YES;
				CLANG_WARN_UNGUARDED_AVAILABILITY = YES_AGGRESSIVE;
				CLANG_WARN_UNREACHABLE_CODE = YES;
				CLANG_WARN__DUPLICATE_METHOD_MATCH = YES;
				COPY_PHASE_STRIP = NO;
				DEBUG_INFORMATION_FORMAT = "dwarf-with-dsym";
				ENABLE_NS_ASSERTIONS = NO;
				ENABLE_STRICT_OBJC_MSGSEND = YES;
				GCC_C_LANGUAGE_STANDARD = gnu11;
				GCC_NO_COMMON_BLOCKS = YES;
				GCC_WARN_64_TO_32_BIT_CONVERSION = YES;
				GCC_WARN_ABOUT_RETURN_TYPE = YES_ERROR;
				GCC_WARN_UNDECLARED_SELECTOR = YES;
				GCC_WARN_UNINITIALIZED_AUTOS = YES_AGGRESSIVE;
				GCC_WARN_UNUSED_FUNCTION = YES;
				GCC_WARN_UNUSED_VARIABLE = YES;
				IPHONEOS_DEPLOYMENT_TARGET = 15.2;
				MTL_ENABLE_DEBUG_INFO = NO;
				MTL_FAST_MATH = YES;
				SDKROOT = iphoneos;
				SWIFT_COMPILATION_MODE = wholemodule;
				SWIFT_OPTIMIZATION_LEVEL = "-O";
				VALIDATE_PRODUCT = YES;
			};
			name = Release;
		};
		5AE24018281414C600078C28 /* Debug */ = {
			isa = XCBuildConfiguration;
			baseConfigurationReference = 5AE24024281415E100078C28 /* Debug.xcconfig */;
			buildSettings = {
				ASSETCATALOG_COMPILER_APPICON_NAME = AppIcon;
				ASSETCATALOG_COMPILER_GLOBAL_ACCENT_COLOR_NAME = AccentColor;
				CODE_SIGN_STYLE = Automatic;
				CURRENT_PROJECT_VERSION = 1;
				DEVELOPMENT_TEAM = WKC39BTC73;
				FRAMEWORK_SEARCH_PATHS = (
					"$(inherited)",
					"$(PROJECT_DIR)/ObjectBox-xcframework-1.7.0/ObjectBox.xcframework/ios-arm64_x86_64-simulator",
				);
				GENERATE_INFOPLIST_FILE = YES;
				INFOPLIST_FILE = MarvelWorldWide/Configuration/Info.plist;
				INFOPLIST_KEY_UIApplicationSupportsIndirectInputEvents = YES;
				INFOPLIST_KEY_UILaunchStoryboardName = LaunchScreen;
				INFOPLIST_KEY_UISupportedInterfaceOrientations = UIInterfaceOrientationPortrait;
				INFOPLIST_KEY_UISupportedInterfaceOrientations_iPad = "UIInterfaceOrientationPortrait UIInterfaceOrientationPortraitUpsideDown UIInterfaceOrientationLandscapeLeft UIInterfaceOrientationLandscapeRight";
				INFOPLIST_KEY_UISupportedInterfaceOrientations_iPhone = "UIInterfaceOrientationPortrait UIInterfaceOrientationLandscapeLeft UIInterfaceOrientationLandscapeRight";
				LD_RUNPATH_SEARCH_PATHS = (
					"$(inherited)",
					"@executable_path/Frameworks",
				);
				MARKETING_VERSION = 1.0.0;
				PRODUCT_BUNDLE_IDENTIFIER = com.jmartin.MarvelWorldWide;
				PRODUCT_NAME = "$(TARGET_NAME)";
				SWIFT_EMIT_LOC_STRINGS = YES;
				SWIFT_VERSION = 5.0;
				TARGETED_DEVICE_FAMILY = "1,2";
			};
			name = Debug;
		};
		5AE24019281414C600078C28 /* Release */ = {
			isa = XCBuildConfiguration;
			baseConfigurationReference = 5AE24022281415CB00078C28 /* Release.xcconfig */;
			buildSettings = {
				ASSETCATALOG_COMPILER_APPICON_NAME = AppIcon;
				ASSETCATALOG_COMPILER_GLOBAL_ACCENT_COLOR_NAME = AccentColor;
				CODE_SIGN_STYLE = Automatic;
				CURRENT_PROJECT_VERSION = 1;
				DEVELOPMENT_TEAM = WKC39BTC73;
				FRAMEWORK_SEARCH_PATHS = (
					"$(inherited)",
					"$(PROJECT_DIR)/ObjectBox-xcframework-1.7.0/ObjectBox.xcframework/ios-arm64_x86_64-simulator",
				);
				GENERATE_INFOPLIST_FILE = YES;
				INFOPLIST_FILE = MarvelWorldWide/Configuration/Info.plist;
				INFOPLIST_KEY_UIApplicationSupportsIndirectInputEvents = YES;
				INFOPLIST_KEY_UILaunchStoryboardName = LaunchScreen;
				INFOPLIST_KEY_UISupportedInterfaceOrientations = UIInterfaceOrientationPortrait;
				INFOPLIST_KEY_UISupportedInterfaceOrientations_iPad = "UIInterfaceOrientationPortrait UIInterfaceOrientationPortraitUpsideDown UIInterfaceOrientationLandscapeLeft UIInterfaceOrientationLandscapeRight";
				INFOPLIST_KEY_UISupportedInterfaceOrientations_iPhone = "UIInterfaceOrientationPortrait UIInterfaceOrientationLandscapeLeft UIInterfaceOrientationLandscapeRight";
				LD_RUNPATH_SEARCH_PATHS = (
					"$(inherited)",
					"@executable_path/Frameworks",
				);
				MARKETING_VERSION = 1.0.0;
				PRODUCT_BUNDLE_IDENTIFIER = com.jmartin.MarvelWorldWide;
				PRODUCT_NAME = "$(TARGET_NAME)";
				SWIFT_EMIT_LOC_STRINGS = YES;
				SWIFT_VERSION = 5.0;
				TARGETED_DEVICE_FAMILY = "1,2";
			};
			name = Release;
		};
		5AE2401B281414C600078C28 /* Debug */ = {
			isa = XCBuildConfiguration;
			baseConfigurationReference = 5AE24024281415E100078C28 /* Debug.xcconfig */;
			buildSettings = {
				ALWAYS_EMBED_SWIFT_STANDARD_LIBRARIES = YES;
				BUNDLE_LOADER = "$(TEST_HOST)";
				CODE_SIGN_STYLE = Automatic;
				CURRENT_PROJECT_VERSION = 1;
				DEVELOPMENT_TEAM = WKC39BTC73;
				GENERATE_INFOPLIST_FILE = YES;
				IPHONEOS_DEPLOYMENT_TARGET = 15.2;
				MARKETING_VERSION = 1.0;
				PRODUCT_BUNDLE_IDENTIFIER = com.jmartin.marvelworldwide.MarvelWorldWideTests;
				PRODUCT_NAME = "$(TARGET_NAME)";
				SWIFT_EMIT_LOC_STRINGS = NO;
				SWIFT_VERSION = 5.0;
				TARGETED_DEVICE_FAMILY = "1,2";
				TEST_HOST = "$(BUILT_PRODUCTS_DIR)/MarvelWorldWide.app/MarvelWorldWide";
			};
			name = Debug;
		};
		5AE2401C281414C600078C28 /* Release */ = {
			isa = XCBuildConfiguration;
			baseConfigurationReference = 5AE24022281415CB00078C28 /* Release.xcconfig */;
			buildSettings = {
				ALWAYS_EMBED_SWIFT_STANDARD_LIBRARIES = YES;
				BUNDLE_LOADER = "$(TEST_HOST)";
				CODE_SIGN_STYLE = Automatic;
				CURRENT_PROJECT_VERSION = 1;
				DEVELOPMENT_TEAM = WKC39BTC73;
				GENERATE_INFOPLIST_FILE = YES;
				IPHONEOS_DEPLOYMENT_TARGET = 15.2;
				MARKETING_VERSION = 1.0;
				PRODUCT_BUNDLE_IDENTIFIER = com.jmartin.marvelworldwide.MarvelWorldWideTests;
				PRODUCT_NAME = "$(TARGET_NAME)";
				SWIFT_EMIT_LOC_STRINGS = NO;
				SWIFT_VERSION = 5.0;
				TARGETED_DEVICE_FAMILY = "1,2";
				TEST_HOST = "$(BUILT_PRODUCTS_DIR)/MarvelWorldWide.app/MarvelWorldWide";
			};
			name = Release;
		};
		5AE2401E281414C600078C28 /* Debug */ = {
			isa = XCBuildConfiguration;
			baseConfigurationReference = 5AE24024281415E100078C28 /* Debug.xcconfig */;
			buildSettings = {
				ALWAYS_EMBED_SWIFT_STANDARD_LIBRARIES = YES;
				CODE_SIGN_STYLE = Automatic;
				CURRENT_PROJECT_VERSION = 1;
				DEVELOPMENT_TEAM = WKC39BTC73;
				GENERATE_INFOPLIST_FILE = YES;
				MARKETING_VERSION = 1.0;
				PRODUCT_BUNDLE_IDENTIFIER = com.jmartin.marvelworldwide.MarvelWorldWideUITests;
				PRODUCT_NAME = "$(TARGET_NAME)";
				SWIFT_EMIT_LOC_STRINGS = NO;
				SWIFT_VERSION = 5.0;
				TARGETED_DEVICE_FAMILY = "1,2";
				TEST_TARGET_NAME = MarvelWorldWide;
			};
			name = Debug;
		};
		5AE2401F281414C600078C28 /* Release */ = {
			isa = XCBuildConfiguration;
			baseConfigurationReference = 5AE24022281415CB00078C28 /* Release.xcconfig */;
			buildSettings = {
				ALWAYS_EMBED_SWIFT_STANDARD_LIBRARIES = YES;
				CODE_SIGN_STYLE = Automatic;
				CURRENT_PROJECT_VERSION = 1;
				DEVELOPMENT_TEAM = WKC39BTC73;
				GENERATE_INFOPLIST_FILE = YES;
				MARKETING_VERSION = 1.0;
				PRODUCT_BUNDLE_IDENTIFIER = com.jmartin.marvelworldwide.MarvelWorldWideUITests;
				PRODUCT_NAME = "$(TARGET_NAME)";
				SWIFT_EMIT_LOC_STRINGS = NO;
				SWIFT_VERSION = 5.0;
				TARGETED_DEVICE_FAMILY = "1,2";
				TEST_TARGET_NAME = MarvelWorldWide;
			};
			name = Release;
		};
		5AE240272814170000078C28 /* Development */ = {
			isa = XCBuildConfiguration;
			baseConfigurationReference = 5AE24023281415D800078C28 /* Development.xcconfig */;
			buildSettings = {
				ALWAYS_SEARCH_USER_PATHS = NO;
				CLANG_ANALYZER_LOCALIZABILITY_NONLOCALIZED = YES;
				CLANG_ANALYZER_NONNULL = YES;
				CLANG_ANALYZER_NUMBER_OBJECT_CONVERSION = YES_AGGRESSIVE;
				CLANG_CXX_LANGUAGE_STANDARD = "gnu++17";
				CLANG_CXX_LIBRARY = "libc++";
				CLANG_ENABLE_MODULES = YES;
				CLANG_ENABLE_OBJC_ARC = YES;
				CLANG_ENABLE_OBJC_WEAK = YES;
				CLANG_WARN_BLOCK_CAPTURE_AUTORELEASING = YES;
				CLANG_WARN_BOOL_CONVERSION = YES;
				CLANG_WARN_COMMA = YES;
				CLANG_WARN_CONSTANT_CONVERSION = YES;
				CLANG_WARN_DEPRECATED_OBJC_IMPLEMENTATIONS = YES;
				CLANG_WARN_DIRECT_OBJC_ISA_USAGE = YES_ERROR;
				CLANG_WARN_DOCUMENTATION_COMMENTS = YES;
				CLANG_WARN_EMPTY_BODY = YES;
				CLANG_WARN_ENUM_CONVERSION = YES;
				CLANG_WARN_INFINITE_RECURSION = YES;
				CLANG_WARN_INT_CONVERSION = YES;
				CLANG_WARN_NON_LITERAL_NULL_CONVERSION = YES;
				CLANG_WARN_OBJC_IMPLICIT_RETAIN_SELF = YES;
				CLANG_WARN_OBJC_LITERAL_CONVERSION = YES;
				CLANG_WARN_OBJC_ROOT_CLASS = YES_ERROR;
				CLANG_WARN_QUOTED_INCLUDE_IN_FRAMEWORK_HEADER = YES;
				CLANG_WARN_RANGE_LOOP_ANALYSIS = YES;
				CLANG_WARN_STRICT_PROTOTYPES = YES;
				CLANG_WARN_SUSPICIOUS_MOVE = YES;
				CLANG_WARN_UNGUARDED_AVAILABILITY = YES_AGGRESSIVE;
				CLANG_WARN_UNREACHABLE_CODE = YES;
				CLANG_WARN__DUPLICATE_METHOD_MATCH = YES;
				COPY_PHASE_STRIP = NO;
				DEBUG_INFORMATION_FORMAT = dwarf;
				ENABLE_STRICT_OBJC_MSGSEND = YES;
				ENABLE_TESTABILITY = YES;
				GCC_C_LANGUAGE_STANDARD = gnu11;
				GCC_DYNAMIC_NO_PIC = NO;
				GCC_NO_COMMON_BLOCKS = YES;
				GCC_OPTIMIZATION_LEVEL = 0;
				GCC_PREPROCESSOR_DEFINITIONS = (
					"DEBUG=1",
					"$(inherited)",
				);
				GCC_WARN_64_TO_32_BIT_CONVERSION = YES;
				GCC_WARN_ABOUT_RETURN_TYPE = YES_ERROR;
				GCC_WARN_UNDECLARED_SELECTOR = YES;
				GCC_WARN_UNINITIALIZED_AUTOS = YES_AGGRESSIVE;
				GCC_WARN_UNUSED_FUNCTION = YES;
				GCC_WARN_UNUSED_VARIABLE = YES;
				IPHONEOS_DEPLOYMENT_TARGET = 15.2;
				MTL_ENABLE_DEBUG_INFO = INCLUDE_SOURCE;
				MTL_FAST_MATH = YES;
				ONLY_ACTIVE_ARCH = YES;
				SDKROOT = iphoneos;
				SWIFT_ACTIVE_COMPILATION_CONDITIONS = DEBUG;
				SWIFT_OPTIMIZATION_LEVEL = "-Onone";
			};
			name = Development;
		};
		5AE240282814170000078C28 /* Development */ = {
			isa = XCBuildConfiguration;
			baseConfigurationReference = 5AE24023281415D800078C28 /* Development.xcconfig */;
			buildSettings = {
				ASSETCATALOG_COMPILER_APPICON_NAME = AppIcon;
				ASSETCATALOG_COMPILER_GLOBAL_ACCENT_COLOR_NAME = AccentColor;
				CODE_SIGN_STYLE = Automatic;
				CURRENT_PROJECT_VERSION = 1;
				DEVELOPMENT_TEAM = WKC39BTC73;
				FRAMEWORK_SEARCH_PATHS = (
					"$(inherited)",
					"$(PROJECT_DIR)/ObjectBox-xcframework-1.7.0/ObjectBox.xcframework/ios-arm64_x86_64-simulator",
				);
				GENERATE_INFOPLIST_FILE = YES;
				INFOPLIST_FILE = MarvelWorldWide/Configuration/Info.plist;
				INFOPLIST_KEY_UIApplicationSupportsIndirectInputEvents = YES;
				INFOPLIST_KEY_UILaunchStoryboardName = LaunchScreen;
				INFOPLIST_KEY_UISupportedInterfaceOrientations = UIInterfaceOrientationPortrait;
				INFOPLIST_KEY_UISupportedInterfaceOrientations_iPad = "UIInterfaceOrientationPortrait UIInterfaceOrientationPortraitUpsideDown UIInterfaceOrientationLandscapeLeft UIInterfaceOrientationLandscapeRight";
				INFOPLIST_KEY_UISupportedInterfaceOrientations_iPhone = "UIInterfaceOrientationPortrait UIInterfaceOrientationLandscapeLeft UIInterfaceOrientationLandscapeRight";
				LD_RUNPATH_SEARCH_PATHS = (
					"$(inherited)",
					"@executable_path/Frameworks",
				);
				MARKETING_VERSION = 1.0.0;
				PRODUCT_BUNDLE_IDENTIFIER = com.jmartin.MarvelWorldWide;
				PRODUCT_NAME = "$(TARGET_NAME)";
				SWIFT_EMIT_LOC_STRINGS = YES;
				SWIFT_VERSION = 5.0;
				TARGETED_DEVICE_FAMILY = "1,2";
			};
			name = Development;
		};
		5AE240292814170000078C28 /* Development */ = {
			isa = XCBuildConfiguration;
			baseConfigurationReference = 5AE24023281415D800078C28 /* Development.xcconfig */;
			buildSettings = {
				ALWAYS_EMBED_SWIFT_STANDARD_LIBRARIES = YES;
				BUNDLE_LOADER = "$(TEST_HOST)";
				CODE_SIGN_STYLE = Automatic;
				CURRENT_PROJECT_VERSION = 1;
				DEVELOPMENT_TEAM = WKC39BTC73;
				GENERATE_INFOPLIST_FILE = YES;
				IPHONEOS_DEPLOYMENT_TARGET = 15.2;
				MARKETING_VERSION = 1.0;
				PRODUCT_BUNDLE_IDENTIFIER = com.jmartin.marvelworldwide.MarvelWorldWideTests;
				PRODUCT_NAME = "$(TARGET_NAME)";
				SWIFT_EMIT_LOC_STRINGS = NO;
				SWIFT_VERSION = 5.0;
				TARGETED_DEVICE_FAMILY = "1,2";
				TEST_HOST = "$(BUILT_PRODUCTS_DIR)/MarvelWorldWide.app/MarvelWorldWide";
			};
			name = Development;
		};
		5AE2402A2814170000078C28 /* Development */ = {
			isa = XCBuildConfiguration;
			baseConfigurationReference = 5AE24023281415D800078C28 /* Development.xcconfig */;
			buildSettings = {
				ALWAYS_EMBED_SWIFT_STANDARD_LIBRARIES = YES;
				CODE_SIGN_STYLE = Automatic;
				CURRENT_PROJECT_VERSION = 1;
				DEVELOPMENT_TEAM = WKC39BTC73;
				GENERATE_INFOPLIST_FILE = YES;
				MARKETING_VERSION = 1.0;
				PRODUCT_BUNDLE_IDENTIFIER = com.jmartin.marvelworldwide.MarvelWorldWideUITests;
				PRODUCT_NAME = "$(TARGET_NAME)";
				SWIFT_EMIT_LOC_STRINGS = NO;
				SWIFT_VERSION = 5.0;
				TARGETED_DEVICE_FAMILY = "1,2";
				TEST_TARGET_NAME = MarvelWorldWide;
			};
			name = Development;
		};
/* End XCBuildConfiguration section */

/* Begin XCConfigurationList section */
		5AE23FE8281414C300078C28 /* Build configuration list for PBXProject "MarvelWorldWide" */ = {
			isa = XCConfigurationList;
			buildConfigurations = (
				5AE24015281414C600078C28 /* Debug */,
				5AE240272814170000078C28 /* Development */,
				5AE24016281414C600078C28 /* Release */,
			);
			defaultConfigurationIsVisible = 0;
			defaultConfigurationName = Release;
		};
		5AE24017281414C600078C28 /* Build configuration list for PBXNativeTarget "MarvelWorldWide" */ = {
			isa = XCConfigurationList;
			buildConfigurations = (
				5AE24018281414C600078C28 /* Debug */,
				5AE240282814170000078C28 /* Development */,
				5AE24019281414C600078C28 /* Release */,
			);
			defaultConfigurationIsVisible = 0;
			defaultConfigurationName = Release;
		};
		5AE2401A281414C600078C28 /* Build configuration list for PBXNativeTarget "MarvelWorldWideTests" */ = {
			isa = XCConfigurationList;
			buildConfigurations = (
				5AE2401B281414C600078C28 /* Debug */,
				5AE240292814170000078C28 /* Development */,
				5AE2401C281414C600078C28 /* Release */,
			);
			defaultConfigurationIsVisible = 0;
			defaultConfigurationName = Release;
		};
		5AE2401D281414C600078C28 /* Build configuration list for PBXNativeTarget "MarvelWorldWideUITests" */ = {
			isa = XCConfigurationList;
			buildConfigurations = (
				5AE2401E281414C600078C28 /* Debug */,
				5AE2402A2814170000078C28 /* Development */,
				5AE2401F281414C600078C28 /* Release */,
			);
			defaultConfigurationIsVisible = 0;
			defaultConfigurationName = Release;
		};
/* End XCConfigurationList section */

/* Begin XCRemoteSwiftPackageReference section */
		5AE2405528142FF000078C28 /* XCRemoteSwiftPackageReference "lottie-ios" */ = {
			isa = XCRemoteSwiftPackageReference;
			repositoryURL = "https://github.com/airbnb/lottie-ios";
			requirement = {
				kind = upToNextMajorVersion;
				minimumVersion = 3.0.0;
			};
		};
		5AE240582814300B00078C28 /* XCRemoteSwiftPackageReference "Kingfisher" */ = {
			isa = XCRemoteSwiftPackageReference;
			repositoryURL = "https://github.com/onevcat/Kingfisher.git";
			requirement = {
				kind = upToNextMajorVersion;
				minimumVersion = 7.0.0;
			};
		};
		5AE2405B2814302500078C28 /* XCRemoteSwiftPackageReference "CryptoSwift" */ = {
			isa = XCRemoteSwiftPackageReference;
			repositoryURL = "https://github.com/krzyzanowskim/CryptoSwift.git";
			requirement = {
				kind = upToNextMajorVersion;
				minimumVersion = 1.0.0;
			};
		};
/* End XCRemoteSwiftPackageReference section */

/* Begin XCSwiftPackageProductDependency section */
		5AE2405628142FF000078C28 /* Lottie */ = {
			isa = XCSwiftPackageProductDependency;
			package = 5AE2405528142FF000078C28 /* XCRemoteSwiftPackageReference "lottie-ios" */;
			productName = Lottie;
		};
		5AE240592814300B00078C28 /* Kingfisher */ = {
			isa = XCSwiftPackageProductDependency;
			package = 5AE240582814300B00078C28 /* XCRemoteSwiftPackageReference "Kingfisher" */;
			productName = Kingfisher;
		};
		5AE2405C2814302500078C28 /* CryptoSwift */ = {
			isa = XCSwiftPackageProductDependency;
			package = 5AE2405B2814302500078C28 /* XCRemoteSwiftPackageReference "CryptoSwift" */;
			productName = CryptoSwift;
		};
/* End XCSwiftPackageProductDependency section */
	};
	rootObject = 5AE23FE5281414C300078C28 /* Project object */;
}
